{
  "object": {
    "pins": [
      {
        "package": "Files",
        "repositoryURL": "https://github.com/JohnSundell/Files.git",
        "state": {
          "branch": null,
          "revision": "22fe84797d499ffca911ccd896b34efaf06a50b9",
          "version": "4.1.1"
        }
      },
      {
        "package": "VeliaUI",
        "repositoryURL": "https://github.com/BenSova/VeliaUI",
        "state": {
          "branch": "main",
          "revision": "29546573e042c673a16be96ab048918cc2141ddc",
          "version": null
        }
      }
    ]
  },
  "version": 1
}
