// !$*UTF8*$!
{
	archiveVersion = 1;
	classes = {
	};
	objectVersion = 52;
	objects = {

/* Begin PBXBuildFile section */
		3F42EB04255176F700365279 /* PSSettings.swift in Sources */ = {isa = PBXBuildFile; fileRef = 3F42EB03255176F700365279 /* PSSettings.swift */; };
		760280B22627EB920054059A /* AppDelegate.m in Sources */ = {isa = PBXBuildFile; fileRef = 760280B12627EB920054059A /* AppDelegate.m */; };
		760280B42627EB930054059A /* Assets.xcassets in Resources */ = {isa = PBXBuildFile; fileRef = 760280B32627EB930054059A /* Assets.xcassets */; };
		760280B72627EB930054059A /* MainMenu.xib in Resources */ = {isa = PBXBuildFile; fileRef = 760280B52627EB930054059A /* MainMenu.xib */; };
		760280BA2627EB930054059A /* main.m in Sources */ = {isa = PBXBuildFile; fileRef = 760280B92627EB930054059A /* main.m */; };
		760280C92627EDC00054059A /* PSWelcomeController.m in Sources */ = {isa = PBXBuildFile; fileRef = 760280C82627EDC00054059A /* PSWelcomeController.m */; };
		760280D42627F36F0054059A /* PSWelcomeController.xib in Resources */ = {isa = PBXBuildFile; fileRef = 760280D32627F36F0054059A /* PSWelcomeController.xib */; };
		7609BD18257FF8DB0054B76F /* DownloadKexts.swift in Sources */ = {isa = PBXBuildFile; fileRef = 7609BD17257FF8DB0054B76F /* DownloadKexts.swift */; };
		7609BD1E258008B70054B76F /* StartInstallView.swift in Sources */ = {isa = PBXBuildFile; fileRef = 7609BD1D258008B70054B76F /* StartInstallView.swift */; };
		760AA9CF261E72A200ADABE0 /* UpdateOSView.swift in Sources */ = {isa = PBXBuildFile; fileRef = 760AA9CE261E72A200ADABE0 /* UpdateOSView.swift */; };
		760C7D1B25719C27004817F1 /* UpdateAppAction.swift in Sources */ = {isa = PBXBuildFile; fileRef = 760C7D1A25719C27004817F1 /* UpdateAppAction.swift */; };
		7624934B2635EA6900805E4A /* Localizable.strings in Resources */ = {isa = PBXBuildFile; fileRef = 7624934D2635EA6900805E4A /* Localizable.strings */; };
		7625796725423FD600508A71 /* Files in Frameworks */ = {isa = PBXBuildFile; productRef = 7625796625423FD600508A71 /* Files */; };
		762A066825BF93A80037655D /* Keychain.swift in Sources */ = {isa = PBXBuildFile; fileRef = 762A066725BF93A80037655D /* Keychain.swift */; };
		762A1DB4260C19B80009620B /* PatchKextsView.swift in Sources */ = {isa = PBXBuildFile; fileRef = 762A1DB3260C19B80009620B /* PatchKextsView.swift */; };
		762CBCA5260C20E5008F0A86 /* AppDelegate.swift in Sources */ = {isa = PBXBuildFile; fileRef = 762CBCA4260C20E5008F0A86 /* AppDelegate.swift */; };
		762CBCA7260C20E5008F0A86 /* ViewController.swift in Sources */ = {isa = PBXBuildFile; fileRef = 762CBCA6260C20E5008F0A86 /* ViewController.swift */; };
		762CBCA9260C20E8008F0A86 /* Assets.xcassets in Resources */ = {isa = PBXBuildFile; fileRef = 762CBCA8260C20E8008F0A86 /* Assets.xcassets */; };
		762CBCAC260C20E8008F0A86 /* Main.storyboard in Resources */ = {isa = PBXBuildFile; fileRef = 762CBCAA260C20E8008F0A86 /* Main.storyboard */; };
		762DA8FE2606BA6300A9235A /* RememberPleaseView.swift in Sources */ = {isa = PBXBuildFile; fileRef = 762DA8FD2606BA6300A9235A /* RememberPleaseView.swift */; };
		762DA9002606C0B400A9235A /* CreditsView.swift in Sources */ = {isa = PBXBuildFile; fileRef = 762DA8FF2606C0B400A9235A /* CreditsView.swift */; };
		762F8C2025F87EF80021E4AF /* AboutPatchedSur.swift in Sources */ = {isa = PBXBuildFile; fileRef = 762F8C1F25F87EF80021E4AF /* AboutPatchedSur.swift */; };
		76315570254C984900646CE9 /* ExtraViews.swift in Sources */ = {isa = PBXBuildFile; fileRef = 7631556F254C984900646CE9 /* ExtraViews.swift */; };
		7631558F254DDB6C00646CE9 /* AboutMyMac.swift in Sources */ = {isa = PBXBuildFile; fileRef = 7631558E254DDB6C00646CE9 /* AboutMyMac.swift */; };
		76315A4D262A4F6C0065032C /* PSSpringController.xib in Resources */ = {isa = PBXBuildFile; fileRef = 76315A4C262A4F6C0065032C /* PSSpringController.xib */; };
		76315A51262A4F8D0065032C /* PSSpringController.m in Sources */ = {isa = PBXBuildFile; fileRef = 76315A50262A4F8D0065032C /* PSSpringController.m */; };
		76315A5B262A69C00065032C /* PSApp.m in Sources */ = {isa = PBXBuildFile; fileRef = 76315A5A262A69C00065032C /* PSApp.m */; };
		7633BC732617744900A550A6 /* Patched Sur - Recovery.app in Resources */ = {isa = PBXBuildFile; fileRef = 762CBCA2260C20E5008F0A86 /* Patched Sur - Recovery.app */; };
		7633BC792617807100A550A6 /* Patched Sur.app in Resources */ = {isa = PBXBuildFile; fileRef = 7692E07D251BFFB200C5FB9A /* Patched Sur.app */; };
		7633BC7F2617D24800A550A6 /* PSPatchV.swift in Sources */ = {isa = PBXBuildFile; fileRef = 7633BC7E2617D24800A550A6 /* PSPatchV.swift */; };
		763B28C225FF0D2300389448 /* InstallAssistantActions.swift in Sources */ = {isa = PBXBuildFile; fileRef = 763B28C125FF0D2300389448 /* InstallAssistantActions.swift */; };
		763B28C7260052D200389448 /* InstallAssistants.swift in Sources */ = {isa = PBXBuildFile; fileRef = 76747BD82523A66F004596CC /* InstallAssistants.swift */; };
		763C8D3E2606681F00CA917D /* HandleVolumesActions.swift in Sources */ = {isa = PBXBuildFile; fileRef = 763C8D3D2606681F00CA917D /* HandleVolumesActions.swift */; };
		763DA724262BC7690042F864 /* PSOSXController.m in Sources */ = {isa = PBXBuildFile; fileRef = 763DA723262BC7690042F864 /* PSOSXController.m */; };
		763DA728262BDE290042F864 /* PSOSXController.xib in Resources */ = {isa = PBXBuildFile; fileRef = 763DA727262BDE290042F864 /* PSOSXController.xib */; };
		764B82BC263F3F6900A5BCF0 /* Unsupported.plist in Resources */ = {isa = PBXBuildFile; fileRef = 764B82BB263F3F6900A5BCF0 /* Unsupported.plist */; };
		764F516825FC960D004F49C6 /* VerifyActions.swift in Sources */ = {isa = PBXBuildFile; fileRef = 764F516725FC960D004F49C6 /* VerifyActions.swift */; };
		76553B92262156AF00336C5B /* HaxDownloadView.swift in Sources */ = {isa = PBXBuildFile; fileRef = 76553B91262156AE00336C5B /* HaxDownloadView.swift */; };
		765DA44A264E26F3003A97B5 /* PSKexts.swift in Sources */ = {isa = PBXBuildFile; fileRef = 765DA449264E26F3003A97B5 /* PSKexts.swift */; };
		76688D7B2619521C00A1450A /* PatchKextsActions.swift in Sources */ = {isa = PBXBuildFile; fileRef = 76688D7A2619521C00A1450A /* PatchKextsActions.swift */; };
		76714F4325B6B350001AF55A /* EnterPasswordPrompt.swift in Sources */ = {isa = PBXBuildFile; fileRef = 76714F4225B6B350001AF55A /* EnterPasswordPrompt.swift */; };
		767167512550AE42000FAE80 /* ShellOut.swift in Sources */ = {isa = PBXBuildFile; fileRef = 767167502550AE42000FAE80 /* ShellOut.swift */; };
		7674026B2606EEBD00E39469 /* CreateInstallerView.swift in Sources */ = {isa = PBXBuildFile; fileRef = 7674026A2606EEBD00E39469 /* CreateInstallerView.swift */; };
		7674026D2606F99100E39469 /* InstallerActions.swift in Sources */ = {isa = PBXBuildFile; fileRef = 7674026C2606F99100E39469 /* InstallerActions.swift */; };
		7674026E2607C5BD00E39469 /* ShellOut.swift in Sources */ = {isa = PBXBuildFile; fileRef = 767167502550AE42000FAE80 /* ShellOut.swift */; };
		767402702607DF8300E39469 /* DoneView.swift in Sources */ = {isa = PBXBuildFile; fileRef = 7674026F2607DF8300E39469 /* DoneView.swift */; };
		76747BD92523A66F004596CC /* InstallAssistants.swift in Sources */ = {isa = PBXBuildFile; fileRef = 76747BD82523A66F004596CC /* InstallAssistants.swift */; };
		767957A12629396D00036393 /* VIButton.m in Sources */ = {isa = PBXBuildFile; fileRef = 767957A02629396D00036393 /* VIButton.m */; };
		767EF2AD261E975A00769793 /* UpdateChooser.swift in Sources */ = {isa = PBXBuildFile; fileRef = 767EF2AC261E975A00769793 /* UpdateChooser.swift */; };
		7680783926211A5D000ABD89 /* UpdaterActions.swift in Sources */ = {isa = PBXBuildFile; fileRef = 7680783826211A5D000ABD89 /* UpdaterActions.swift */; };
		7680783C26211AC5000ABD89 /* UpdateChooserActions.swift in Sources */ = {isa = PBXBuildFile; fileRef = 7680783B26211AC5000ABD89 /* UpdateChooserActions.swift */; };
		768C297F262B533D00C2FED9 /* TinyTerminal.tiff in Resources */ = {isa = PBXBuildFile; fileRef = 768C297E262B533D00C2FED9 /* TinyTerminal.tiff */; };
		768C2985262B53CA00C2FED9 /* TinySecure.tiff in Resources */ = {isa = PBXBuildFile; fileRef = 768C2984262B53CA00C2FED9 /* TinySecure.tiff */; };
		768D516525CA4FD90091D1F0 /* Files in Frameworks */ = {isa = PBXBuildFile; productRef = 768D516425CA4FD90091D1F0 /* Files */; };
		768F51F6256E05190069096E /* UpdateView.swift in Sources */ = {isa = PBXBuildFile; fileRef = 768F51F5256E05190069096E /* UpdateView.swift */; };
		7691808825F9DB80003FB34C /* SettingsActions.swift in Sources */ = {isa = PBXBuildFile; fileRef = 7691808725F9DB80003FB34C /* SettingsActions.swift */; };
		769289D925FEEF64002F9CAC /* macOSConfirmView.swift in Sources */ = {isa = PBXBuildFile; fileRef = 769289D825FEEF64002F9CAC /* macOSConfirmView.swift */; };
		7692E066251BFF9300C5FB9A /* AppDelegate.swift in Sources */ = {isa = PBXBuildFile; fileRef = 7692E065251BFF9300C5FB9A /* AppDelegate.swift */; };
		7692E068251BFF9300C5FB9A /* CentralView.swift in Sources */ = {isa = PBXBuildFile; fileRef = 7692E067251BFF9300C5FB9A /* CentralView.swift */; };
		7692E06A251BFF9400C5FB9A /* Assets.xcassets in Resources */ = {isa = PBXBuildFile; fileRef = 7692E069251BFF9400C5FB9A /* Assets.xcassets */; };
		7692E06D251BFF9400C5FB9A /* Preview Assets.xcassets in Resources */ = {isa = PBXBuildFile; fileRef = 7692E06C251BFF9400C5FB9A /* Preview Assets.xcassets */; };
		7692E070251BFF9400C5FB9A /* Main.storyboard in Resources */ = {isa = PBXBuildFile; fileRef = 7692E06E251BFF9400C5FB9A /* Main.storyboard */; };
		7692E080251BFFB300C5FB9A /* PatchedSurApp.swift in Sources */ = {isa = PBXBuildFile; fileRef = 7692E07F251BFFB300C5FB9A /* PatchedSurApp.swift */; };
		7692E082251BFFB300C5FB9A /* ContentView.swift in Sources */ = {isa = PBXBuildFile; fileRef = 7692E081251BFFB300C5FB9A /* ContentView.swift */; };
		7692E084251BFFB400C5FB9A /* Assets.xcassets in Resources */ = {isa = PBXBuildFile; fileRef = 7692E083251BFFB400C5FB9A /* Assets.xcassets */; };
		7692E087251BFFB400C5FB9A /* Preview Assets.xcassets in Resources */ = {isa = PBXBuildFile; fileRef = 7692E086251BFFB400C5FB9A /* Preview Assets.xcassets */; };
		7692E090251C077400C5FB9A /* MainView.swift in Sources */ = {isa = PBXBuildFile; fileRef = 7692E08F251C077400C5FB9A /* MainView.swift */; };
		769532442605A144007A1BB4 /* VolumeSelectorView.swift in Sources */ = {isa = PBXBuildFile; fileRef = 769532432605A144007A1BB4 /* VolumeSelectorView.swift */; };
		769F37F32601A4DC007A1246 /* DownloadActions.swift in Sources */ = {isa = PBXBuildFile; fileRef = 769F37F22601A4DC007A1246 /* DownloadActions.swift */; };
		769F37F52601AF06007A1246 /* macOSDownloadView.swift in Sources */ = {isa = PBXBuildFile; fileRef = 769F37F42601AF06007A1246 /* macOSDownloadView.swift */; };
		76A070B7261AD06E0002A304 /* CreateInstallerMain.swift in Sources */ = {isa = PBXBuildFile; fileRef = 76A070B6261AD06E0002A304 /* CreateInstallerMain.swift */; };
		76A070B9261B5AB10002A304 /* ReleaseTrackView.swift in Sources */ = {isa = PBXBuildFile; fileRef = 76B7C334253A8EDA001C7991 /* ReleaseTrackView.swift */; };
		76A070BB261B5F590002A304 /* macOSConfirmView.swift in Sources */ = {isa = PBXBuildFile; fileRef = 769289D825FEEF64002F9CAC /* macOSConfirmView.swift */; };
		76A070BD261B5F780002A304 /* InstallAssistantActions.swift in Sources */ = {isa = PBXBuildFile; fileRef = 763B28C125FF0D2300389448 /* InstallAssistantActions.swift */; };
		76A070C3261BAAF00002A304 /* Patched Sur - Recovery.app in Resources */ = {isa = PBXBuildFile; fileRef = 762CBCA2260C20E5008F0A86 /* Patched Sur - Recovery.app */; };
		76A070CF261BAE510002A304 /* PatchedSurDaemon.plist in Add SharedSupport */ = {isa = PBXBuildFile; fileRef = 762385E625E9DEE70088A8D9 /* PatchedSurDaemon.plist */; settings = {ATTRIBUTES = (CodeSignOnCopy, ); }; };
		76A070D2261BB7620002A304 /* DownloadView.swift in Sources */ = {isa = PBXBuildFile; fileRef = 76DB62FE251C637000AB8865 /* DownloadView.swift */; };
		76A070D4261BB76B0002A304 /* DownloadActions.swift in Sources */ = {isa = PBXBuildFile; fileRef = 769F37F22601A4DC007A1246 /* DownloadActions.swift */; };
		76A070D6261BB7760002A304 /* macOSDownloadView.swift in Sources */ = {isa = PBXBuildFile; fileRef = 769F37F42601AF06007A1246 /* macOSDownloadView.swift */; };
		76A070D8261BB7F80002A304 /* PSPatchV.swift in Sources */ = {isa = PBXBuildFile; fileRef = 7633BC7E2617D24800A550A6 /* PSPatchV.swift */; };
		76A070DA261BBAD90002A304 /* CreateInstallerView.swift in Sources */ = {isa = PBXBuildFile; fileRef = 7674026A2606EEBD00E39469 /* CreateInstallerView.swift */; };
		76A070DC261BBAE60002A304 /* VolumeSelectorView.swift in Sources */ = {isa = PBXBuildFile; fileRef = 769532432605A144007A1BB4 /* VolumeSelectorView.swift */; };
		76A070DE261BBAE90002A304 /* InstallerActions.swift in Sources */ = {isa = PBXBuildFile; fileRef = 7674026C2606F99100E39469 /* InstallerActions.swift */; };
		76A070E0261BBAEC0002A304 /* HandleVolumesActions.swift in Sources */ = {isa = PBXBuildFile; fileRef = 763C8D3D2606681F00CA917D /* HandleVolumesActions.swift */; };
		76A070E7261BD41B0002A304 /* PatchedSurDaemon.plist in CopyFiles */ = {isa = PBXBuildFile; fileRef = 762385E625E9DEE70088A8D9 /* PatchedSurDaemon.plist */; };
		76A0B78D25749FC100E392D1 /* main.swift in Sources */ = {isa = PBXBuildFile; fileRef = 76A0B78C25749FC100E392D1 /* main.swift */; };
		76A1D33B259933880032F7D9 /* CompatInfo.swift in Sources */ = {isa = PBXBuildFile; fileRef = 76A1D33A259933880032F7D9 /* CompatInfo.swift */; };
		76A30CB6262B234F00B92DD2 /* InstallOSSur.icns in Resources */ = {isa = PBXBuildFile; fileRef = 76A30CB5262B234F00B92DD2 /* InstallOSSur.icns */; };
		76A30CBA262B319900B92DD2 /* Safari.icns in Resources */ = {isa = PBXBuildFile; fileRef = 76A30CB9262B319900B92DD2 /* Safari.icns */; };
		76A30CBF262B336300B92DD2 /* DiskUtility.icns in Resources */ = {isa = PBXBuildFile; fileRef = 76A30CBE262B336300B92DD2 /* DiskUtility.icns */; };
		76A30CC3262B336A00B92DD2 /* PatchedSurIcon.icns in Resources */ = {isa = PBXBuildFile; fileRef = 76A30CC2262B336A00B92DD2 /* PatchedSurIcon.icns */; };
		76A626D42524ED78002C57EA /* MacCompatibility.swift in Sources */ = {isa = PBXBuildFile; fileRef = 76A626D32524ED78002C57EA /* MacCompatibility.swift */; };
		76B59820262CEE0E004E52BC /* RecoveryPatchView.swift in Sources */ = {isa = PBXBuildFile; fileRef = 76B5981F262CEE0E004E52BC /* RecoveryPatchView.swift */; };
		76B7C335253A8EDA001C7991 /* ReleaseTrackView.swift in Sources */ = {isa = PBXBuildFile; fileRef = 76B7C334253A8EDA001C7991 /* ReleaseTrackView.swift */; };
		76CF37BD25E8C73500403208 /* NotificationsView.swift in Sources */ = {isa = PBXBuildFile; fileRef = 76CF37BC25E8C73500403208 /* NotificationsView.swift */; };
		76D639DD2576302500B38FBE /* main.swift in Sources */ = {isa = PBXBuildFile; fileRef = 76D639DC2576302500B38FBE /* main.swift */; };
		76D8437B25F861DE006C6565 /* VeliaUI in Frameworks */ = {isa = PBXBuildFile; productRef = 76D8437A25F861DE006C6565 /* VeliaUI */; };
		76D8437D25F861E6006C6565 /* VeliaUI in Frameworks */ = {isa = PBXBuildFile; productRef = 76D8437C25F861E6006C6565 /* VeliaUI */; };
		76DB62FF251C637000AB8865 /* DownloadView.swift in Sources */ = {isa = PBXBuildFile; fileRef = 76DB62FE251C637000AB8865 /* DownloadView.swift */; };
		76E6C72A263B8DF10063C08E /* Localizable.strings in Resources */ = {isa = PBXBuildFile; fileRef = 7624934D2635EA6900805E4A /* Localizable.strings */; };
		76E6C747263CB0BF0063C08E /* Localizable.strings in Resources */ = {isa = PBXBuildFile; fileRef = 76E6C749263CB0BF0063C08E /* Localizable.strings */; };
		76E73A68262CF77C0009D9CC /* RecoveryPatchActions.swift in Sources */ = {isa = PBXBuildFile; fileRef = 76E73A67262CF77C0009D9CC /* RecoveryPatchActions.swift */; };
		76E9A6E925E1A96A0061B35D /* PatchDaemon.swift in Sources */ = {isa = PBXBuildFile; fileRef = 76E9A6E825E1A96A0061B35D /* PatchDaemon.swift */; };
		76F0674325FB2F490050A322 /* EnterPasswordPrompt.swift in Sources */ = {isa = PBXBuildFile; fileRef = 76714F4225B6B350001AF55A /* EnterPasswordPrompt.swift */; };
		76F11509256EE9FB001AB749 /* PatchedVersion.swift in Sources */ = {isa = PBXBuildFile; fileRef = 76F11508256EE9FB001AB749 /* PatchedVersion.swift */; };
		76F11511256EED85001AB749 /* UpdateAppView.swift in Sources */ = {isa = PBXBuildFile; fileRef = 76F11510256EED85001AB749 /* UpdateAppView.swift */; };
/* End PBXBuildFile section */

/* Begin PBXContainerItemProxy section */
		7633BC752617805200A550A6 /* PBXContainerItemProxy */ = {
			isa = PBXContainerItemProxy;
			containerPortal = 7692E05A251BFF9300C5FB9A /* Project object */;
			proxyType = 1;
			remoteGlobalIDString = 7692E07C251BFFB200C5FB9A;
			remoteInfo = "Patched Sur";
		};
		7633BC772617806A00A550A6 /* PBXContainerItemProxy */ = {
			isa = PBXContainerItemProxy;
			containerPortal = 7692E05A251BFF9300C5FB9A /* Project object */;
			proxyType = 1;
			remoteGlobalIDString = 762CBCA1260C20E5008F0A86;
			remoteInfo = "Patched Sur - Recovery";
		};
		76A070C1261BAAE40002A304 /* PBXContainerItemProxy */ = {
			isa = PBXContainerItemProxy;
			containerPortal = 7692E05A251BFF9300C5FB9A /* Project object */;
			proxyType = 1;
			remoteGlobalIDString = 762CBCA1260C20E5008F0A86;
			remoteInfo = "Patched Sur - Recovery";
		};
/* End PBXContainerItemProxy section */

/* Begin PBXCopyFilesBuildPhase section */
		7605945826325D450005C38C /* Embed App Extensions */ = {
			isa = PBXCopyFilesBuildPhase;
			buildActionMask = 2147483647;
			dstPath = "";
			dstSubfolderSpec = 13;
			files = (
			);
			name = "Embed App Extensions";
			runOnlyForDeploymentPostprocessing = 0;
		};
		76A070C8261BABBF0002A304 /* CopyFiles */ = {
			isa = PBXCopyFilesBuildPhase;
			buildActionMask = 2147483647;
			dstPath = "";
			dstSubfolderSpec = 12;
			files = (
				76A070E7261BD41B0002A304 /* PatchedSurDaemon.plist in CopyFiles */,
			);
			runOnlyForDeploymentPostprocessing = 0;
		};
		76A070CE261BADA90002A304 /* Add SharedSupport */ = {
			isa = PBXCopyFilesBuildPhase;
			buildActionMask = 2147483647;
			dstPath = "";
			dstSubfolderSpec = 12;
			files = (
				76A070CF261BAE510002A304 /* PatchedSurDaemon.plist in Add SharedSupport */,
			);
			name = "Add SharedSupport";
			runOnlyForDeploymentPostprocessing = 0;
		};
		76D8437625F85FF2006C6565 /* Embed Libraries */ = {
			isa = PBXCopyFilesBuildPhase;
			buildActionMask = 2147483647;
			dstPath = "";
			dstSubfolderSpec = 10;
			files = (
			);
			name = "Embed Libraries";
			runOnlyForDeploymentPostprocessing = 0;
		};
		76D8437825F86047006C6565 /* Embed Libraries */ = {
			isa = PBXCopyFilesBuildPhase;
			buildActionMask = 12;
			dstPath = "";
			dstSubfolderSpec = 10;
			files = (
			);
			name = "Embed Libraries";
			runOnlyForDeploymentPostprocessing = 0;
		};
/* End PBXCopyFilesBuildPhase section */

/* Begin PBXFileReference section */
		3F42EB03255176F700365279 /* PSSettings.swift */ = {isa = PBXFileReference; lastKnownFileType = sourcecode.swift; path = PSSettings.swift; sourceTree = "<group>"; };
		76020744263DA74A00A8D18A /* hr */ = {isa = PBXFileReference; lastKnownFileType = text.plist.strings; name = hr; path = hr.lproj/Main.strings; sourceTree = "<group>"; };
		76020745263DA74A00A8D18A /* hr */ = {isa = PBXFileReference; lastKnownFileType = text.plist.strings; name = hr; path = hr.lproj/Localizable.strings; sourceTree = "<group>"; };
		76020748263DBB3600A8D18A /* de */ = {isa = PBXFileReference; lastKnownFileType = text.plist.strings; name = de; path = de.lproj/Main.strings; sourceTree = "<group>"; };
		76020749263DBB3600A8D18A /* de */ = {isa = PBXFileReference; lastKnownFileType = text.plist.strings; name = de; path = de.lproj/Localizable.strings; sourceTree = "<group>"; };
		7602074C263DCDDF00A8D18A /* el */ = {isa = PBXFileReference; lastKnownFileType = text.plist.strings; name = el; path = el.lproj/Main.strings; sourceTree = "<group>"; };
		7602074D263DCDE000A8D18A /* el */ = {isa = PBXFileReference; lastKnownFileType = text.plist.strings; name = el; path = el.lproj/Localizable.strings; sourceTree = "<group>"; };
		760280AE2627EB920054059A /* PSRecovery.app */ = {isa = PBXFileReference; explicitFileType = wrapper.application; includeInIndex = 0; path = PSRecovery.app; sourceTree = BUILT_PRODUCTS_DIR; };
		760280B02627EB920054059A /* AppDelegate.h */ = {isa = PBXFileReference; lastKnownFileType = sourcecode.c.h; path = AppDelegate.h; sourceTree = "<group>"; };
		760280B12627EB920054059A /* AppDelegate.m */ = {isa = PBXFileReference; lastKnownFileType = sourcecode.c.objc; path = AppDelegate.m; sourceTree = "<group>"; };
		760280B32627EB930054059A /* Assets.xcassets */ = {isa = PBXFileReference; lastKnownFileType = folder.assetcatalog; path = Assets.xcassets; sourceTree = "<group>"; };
		760280B62627EB930054059A /* Base */ = {isa = PBXFileReference; lastKnownFileType = file.xib; name = Base; path = Base.lproj/MainMenu.xib; sourceTree = "<group>"; };
		760280B82627EB930054059A /* Info.plist */ = {isa = PBXFileReference; lastKnownFileType = text.plist.xml; path = Info.plist; sourceTree = "<group>"; };
		760280B92627EB930054059A /* main.m */ = {isa = PBXFileReference; lastKnownFileType = sourcecode.c.objc; path = main.m; sourceTree = "<group>"; };
		760280BB2627EB930054059A /* PSRecovery.entitlements */ = {isa = PBXFileReference; lastKnownFileType = text.plist.entitlements; path = PSRecovery.entitlements; sourceTree = "<group>"; };
		760280C82627EDC00054059A /* PSWelcomeController.m */ = {isa = PBXFileReference; lastKnownFileType = sourcecode.c.objc; path = PSWelcomeController.m; sourceTree = "<group>"; };
		760280CE2627EDD20054059A /* PSWelcomeController.h */ = {isa = PBXFileReference; lastKnownFileType = sourcecode.c.h; path = PSWelcomeController.h; sourceTree = "<group>"; };
		760280D32627F36F0054059A /* PSWelcomeController.xib */ = {isa = PBXFileReference; lastKnownFileType = file.xib; path = PSWelcomeController.xib; sourceTree = "<group>"; };
		7605944B26325D420005C38C /* WidgetKit.framework */ = {isa = PBXFileReference; lastKnownFileType = wrapper.framework; name = WidgetKit.framework; path = System/Library/Frameworks/WidgetKit.framework; sourceTree = SDKROOT; };
		7609BD17257FF8DB0054B76F /* DownloadKexts.swift */ = {isa = PBXFileReference; lastKnownFileType = sourcecode.swift; path = DownloadKexts.swift; sourceTree = "<group>"; };
		7609BD1D258008B70054B76F /* StartInstallView.swift */ = {isa = PBXFileReference; lastKnownFileType = sourcecode.swift; path = StartInstallView.swift; sourceTree = "<group>"; };
		760AA9CE261E72A200ADABE0 /* UpdateOSView.swift */ = {isa = PBXFileReference; lastKnownFileType = sourcecode.swift; path = UpdateOSView.swift; sourceTree = "<group>"; };
		760C7D1A25719C27004817F1 /* UpdateAppAction.swift */ = {isa = PBXFileReference; lastKnownFileType = sourcecode.swift; path = UpdateAppAction.swift; sourceTree = "<group>"; };
		762385E625E9DEE70088A8D9 /* PatchedSurDaemon.plist */ = {isa = PBXFileReference; lastKnownFileType = text.plist.xml; path = PatchedSurDaemon.plist; sourceTree = "<group>"; };
		7624934C2635EA6900805E4A /* en */ = {isa = PBXFileReference; lastKnownFileType = text.plist.strings; name = en; path = en.lproj/Localizable.strings; sourceTree = "<group>"; };
		762A066725BF93A80037655D /* Keychain.swift */ = {isa = PBXFileReference; lastKnownFileType = sourcecode.swift; path = Keychain.swift; sourceTree = "<group>"; };
		762A1DB3260C19B80009620B /* PatchKextsView.swift */ = {isa = PBXFileReference; lastKnownFileType = sourcecode.swift; path = PatchKextsView.swift; sourceTree = "<group>"; };
		762CBCA2260C20E5008F0A86 /* Patched Sur - Recovery.app */ = {isa = PBXFileReference; explicitFileType = wrapper.application; includeInIndex = 0; path = "Patched Sur - Recovery.app"; sourceTree = BUILT_PRODUCTS_DIR; };
		762CBCA4260C20E5008F0A86 /* AppDelegate.swift */ = {isa = PBXFileReference; lastKnownFileType = sourcecode.swift; path = AppDelegate.swift; sourceTree = "<group>"; };
		762CBCA6260C20E5008F0A86 /* ViewController.swift */ = {isa = PBXFileReference; lastKnownFileType = sourcecode.swift; path = ViewController.swift; sourceTree = "<group>"; };
		762CBCA8260C20E8008F0A86 /* Assets.xcassets */ = {isa = PBXFileReference; lastKnownFileType = folder.assetcatalog; path = Assets.xcassets; sourceTree = "<group>"; };
		762CBCAB260C20E8008F0A86 /* Base */ = {isa = PBXFileReference; lastKnownFileType = file.storyboard; name = Base; path = Base.lproj/Main.storyboard; sourceTree = "<group>"; };
		762CBCAD260C20E8008F0A86 /* Info.plist */ = {isa = PBXFileReference; lastKnownFileType = text.plist.xml; path = Info.plist; sourceTree = "<group>"; };
		762CBCAE260C20E8008F0A86 /* Patched_Sur___Recovery.entitlements */ = {isa = PBXFileReference; lastKnownFileType = text.plist.entitlements; path = "Patched_Sur___Recovery.entitlements"; sourceTree = "<group>"; };
		762DA8FD2606BA6300A9235A /* RememberPleaseView.swift */ = {isa = PBXFileReference; lastKnownFileType = sourcecode.swift; path = RememberPleaseView.swift; sourceTree = "<group>"; };
		762DA8FF2606C0B400A9235A /* CreditsView.swift */ = {isa = PBXFileReference; lastKnownFileType = sourcecode.swift; path = CreditsView.swift; sourceTree = "<group>"; };
		762F8C1F25F87EF80021E4AF /* AboutPatchedSur.swift */ = {isa = PBXFileReference; lastKnownFileType = sourcecode.swift; path = AboutPatchedSur.swift; sourceTree = "<group>"; };
		7631556F254C984900646CE9 /* ExtraViews.swift */ = {isa = PBXFileReference; lastKnownFileType = sourcecode.swift; path = ExtraViews.swift; sourceTree = "<group>"; };
		7631558E254DDB6C00646CE9 /* AboutMyMac.swift */ = {isa = PBXFileReference; lastKnownFileType = sourcecode.swift; path = AboutMyMac.swift; sourceTree = "<group>"; };
		76315A4C262A4F6C0065032C /* PSSpringController.xib */ = {isa = PBXFileReference; lastKnownFileType = file.xib; path = PSSpringController.xib; sourceTree = "<group>"; };
		76315A50262A4F8D0065032C /* PSSpringController.m */ = {isa = PBXFileReference; lastKnownFileType = sourcecode.c.objc; path = PSSpringController.m; sourceTree = "<group>"; };
		76315A56262A4F9C0065032C /* PSSpringController.h */ = {isa = PBXFileReference; lastKnownFileType = sourcecode.c.h; path = PSSpringController.h; sourceTree = "<group>"; };
		76315A59262A69AF0065032C /* PSApp.h */ = {isa = PBXFileReference; lastKnownFileType = sourcecode.c.h; path = PSApp.h; sourceTree = "<group>"; };
		76315A5A262A69C00065032C /* PSApp.m */ = {isa = PBXFileReference; lastKnownFileType = sourcecode.c.objc; path = PSApp.m; sourceTree = "<group>"; };
		7633BC7E2617D24800A550A6 /* PSPatchV.swift */ = {isa = PBXFileReference; lastKnownFileType = sourcecode.swift; path = PSPatchV.swift; sourceTree = "<group>"; };
		763B28C125FF0D2300389448 /* InstallAssistantActions.swift */ = {isa = PBXFileReference; lastKnownFileType = sourcecode.swift; path = InstallAssistantActions.swift; sourceTree = "<group>"; };
		763C8D3D2606681F00CA917D /* HandleVolumesActions.swift */ = {isa = PBXFileReference; lastKnownFileType = sourcecode.swift; path = HandleVolumesActions.swift; sourceTree = "<group>"; };
		763DA722262BC74E0042F864 /* PSOSXController.h */ = {isa = PBXFileReference; lastKnownFileType = sourcecode.c.h; path = PSOSXController.h; sourceTree = "<group>"; };
		763DA723262BC7690042F864 /* PSOSXController.m */ = {isa = PBXFileReference; lastKnownFileType = sourcecode.c.objc; path = PSOSXController.m; sourceTree = "<group>"; };
		763DA727262BDE290042F864 /* PSOSXController.xib */ = {isa = PBXFileReference; lastKnownFileType = file.xib; path = PSOSXController.xib; sourceTree = "<group>"; };
		7643F616256F2A4700A9D61E /* NameComponent.plist */ = {isa = PBXFileReference; lastKnownFileType = text.plist.xml; path = NameComponent.plist; sourceTree = "<group>"; };
		7646DF8E263CE4740097B136 /* zh-Hans */ = {isa = PBXFileReference; lastKnownFileType = text.plist.strings; name = "zh-Hans"; path = "zh-Hans.lproj/Main.strings"; sourceTree = "<group>"; };
		7646DF8F263CE4740097B136 /* zh-Hans */ = {isa = PBXFileReference; lastKnownFileType = text.plist.strings; name = "zh-Hans"; path = "zh-Hans.lproj/Localizable.strings"; sourceTree = "<group>"; };
		7646DF90263CE4800097B136 /* zh-Hant */ = {isa = PBXFileReference; lastKnownFileType = text.plist.strings; name = "zh-Hant"; path = "zh-Hant.lproj/Main.strings"; sourceTree = "<group>"; };
		7646DF92263CE5DE0097B136 /* zh-Hant */ = {isa = PBXFileReference; lastKnownFileType = text.plist.strings; name = "zh-Hant"; path = "zh-Hant.lproj/Localizable.strings"; sourceTree = "<group>"; };
		7646DF97263CF0EB0097B136 /* da */ = {isa = PBXFileReference; lastKnownFileType = text.plist.strings; name = da; path = da.lproj/Main.strings; sourceTree = "<group>"; };
		7646DF99263CF0EB0097B136 /* da */ = {isa = PBXFileReference; lastKnownFileType = text.plist.strings; name = da; path = da.lproj/Localizable.strings; sourceTree = "<group>"; };
		764B82BB263F3F6900A5BCF0 /* Unsupported.plist */ = {isa = PBXFileReference; lastKnownFileType = text.plist.xml; path = Unsupported.plist; sourceTree = "<group>"; };
		764D732D2640F81000719132 /* pt-BR */ = {isa = PBXFileReference; lastKnownFileType = text.plist.strings; name = "pt-BR"; path = "pt-BR.lproj/Localizable.strings"; sourceTree = "<group>"; };
		764EB40B25C61D190033184B /* banner.png */ = {isa = PBXFileReference; lastKnownFileType = image.png; name = banner.png; path = ../../../Downloads/banner.png; sourceTree = "<group>"; };
		764F516725FC960D004F49C6 /* VerifyActions.swift */ = {isa = PBXFileReference; fileEncoding = 4; lastKnownFileType = sourcecode.swift; path = VerifyActions.swift; sourceTree = "<group>"; };
		76553B91262156AE00336C5B /* HaxDownloadView.swift */ = {isa = PBXFileReference; fileEncoding = 4; lastKnownFileType = sourcecode.swift; path = HaxDownloadView.swift; sourceTree = "<group>"; };
		765DA449264E26F3003A97B5 /* PSKexts.swift */ = {isa = PBXFileReference; lastKnownFileType = sourcecode.swift; path = PSKexts.swift; sourceTree = "<group>"; };
		76633BEE263E1550000A949E /* ru */ = {isa = PBXFileReference; lastKnownFileType = text.plist.strings; name = ru; path = ru.lproj/Localizable.strings; sourceTree = "<group>"; };
		76633BF1263E257F000A949E /* uk */ = {isa = PBXFileReference; lastKnownFileType = text.plist.strings; name = uk; path = uk.lproj/Localizable.strings; sourceTree = "<group>"; };
		76633BF2263E25A4000A949E /* pt-PT */ = {isa = PBXFileReference; lastKnownFileType = text.plist.strings; name = "pt-PT"; path = "pt-PT.lproj/Localizable.strings"; sourceTree = "<group>"; };
		76633BF5263E3755000A949E /* fr */ = {isa = PBXFileReference; lastKnownFileType = text.plist.strings; name = fr; path = fr.lproj/Main.strings; sourceTree = "<group>"; };
		76633BF6263E3755000A949E /* fr */ = {isa = PBXFileReference; lastKnownFileType = text.plist.strings; name = fr; path = fr.lproj/Localizable.strings; sourceTree = "<group>"; };
		76633BF9263EF96C000A949E /* de */ = {isa = PBXFileReference; lastKnownFileType = text.plist.strings; name = de; path = de.lproj/Localizable.strings; sourceTree = "<group>"; };
		76688D7A2619521C00A1450A /* PatchKextsActions.swift */ = {isa = PBXFileReference; lastKnownFileType = sourcecode.swift; path = PatchKextsActions.swift; sourceTree = "<group>"; };
		76714F4225B6B350001AF55A /* EnterPasswordPrompt.swift */ = {isa = PBXFileReference; lastKnownFileType = sourcecode.swift; path = EnterPasswordPrompt.swift; sourceTree = "<group>"; };
		767167502550AE42000FAE80 /* ShellOut.swift */ = {isa = PBXFileReference; fileEncoding = 4; lastKnownFileType = sourcecode.swift; path = ShellOut.swift; sourceTree = "<group>"; };
		7674026A2606EEBD00E39469 /* CreateInstallerView.swift */ = {isa = PBXFileReference; lastKnownFileType = sourcecode.swift; path = CreateInstallerView.swift; sourceTree = "<group>"; };
		7674026C2606F99100E39469 /* InstallerActions.swift */ = {isa = PBXFileReference; lastKnownFileType = sourcecode.swift; path = InstallerActions.swift; sourceTree = "<group>"; };
		7674026F2607DF8300E39469 /* DoneView.swift */ = {isa = PBXFileReference; lastKnownFileType = sourcecode.swift; path = DoneView.swift; sourceTree = "<group>"; };
		76747BD82523A66F004596CC /* InstallAssistants.swift */ = {isa = PBXFileReference; lastKnownFileType = sourcecode.swift; path = InstallAssistants.swift; sourceTree = "<group>"; };
		767957A02629396D00036393 /* VIButton.m */ = {isa = PBXFileReference; lastKnownFileType = sourcecode.c.objc; path = VIButton.m; sourceTree = "<group>"; };
		767957A42629397900036393 /* VIButton.h */ = {isa = PBXFileReference; lastKnownFileType = sourcecode.c.h; path = VIButton.h; sourceTree = "<group>"; };
		767D6F9B25AA294C00A773AE /* SwiftUI.framework */ = {isa = PBXFileReference; lastKnownFileType = wrapper.framework; name = SwiftUI.framework; path = System/Library/Frameworks/SwiftUI.framework; sourceTree = SDKROOT; };
		767EF2AC261E975A00769793 /* UpdateChooser.swift */ = {isa = PBXFileReference; lastKnownFileType = sourcecode.swift; path = UpdateChooser.swift; sourceTree = "<group>"; };
		7680783826211A5D000ABD89 /* UpdaterActions.swift */ = {isa = PBXFileReference; lastKnownFileType = sourcecode.swift; path = UpdaterActions.swift; sourceTree = "<group>"; };
		7680783B26211AC5000ABD89 /* UpdateChooserActions.swift */ = {isa = PBXFileReference; lastKnownFileType = sourcecode.swift; path = UpdateChooserActions.swift; sourceTree = "<group>"; };
		768C297E262B533D00C2FED9 /* TinyTerminal.tiff */ = {isa = PBXFileReference; lastKnownFileType = image.tiff; path = TinyTerminal.tiff; sourceTree = "<group>"; };
		768C2984262B53CA00C2FED9 /* TinySecure.tiff */ = {isa = PBXFileReference; lastKnownFileType = image.tiff; path = TinySecure.tiff; sourceTree = "<group>"; };
		768F51F5256E05190069096E /* UpdateView.swift */ = {isa = PBXFileReference; lastKnownFileType = sourcecode.swift; path = UpdateView.swift; sourceTree = "<group>"; };
		7691808725F9DB80003FB34C /* SettingsActions.swift */ = {isa = PBXFileReference; lastKnownFileType = sourcecode.swift; path = SettingsActions.swift; sourceTree = "<group>"; };
		769289D825FEEF64002F9CAC /* macOSConfirmView.swift */ = {isa = PBXFileReference; lastKnownFileType = sourcecode.swift; path = macOSConfirmView.swift; sourceTree = "<group>"; };
		7692E062251BFF9300C5FB9A /* Patched Sur - For Catalina.app */ = {isa = PBXFileReference; explicitFileType = wrapper.application; includeInIndex = 0; path = "Patched Sur - For Catalina.app"; sourceTree = BUILT_PRODUCTS_DIR; };
		7692E065251BFF9300C5FB9A /* AppDelegate.swift */ = {isa = PBXFileReference; lastKnownFileType = sourcecode.swift; path = AppDelegate.swift; sourceTree = "<group>"; };
		7692E067251BFF9300C5FB9A /* CentralView.swift */ = {isa = PBXFileReference; lastKnownFileType = sourcecode.swift; path = CentralView.swift; sourceTree = "<group>"; };
		7692E069251BFF9400C5FB9A /* Assets.xcassets */ = {isa = PBXFileReference; lastKnownFileType = folder.assetcatalog; path = Assets.xcassets; sourceTree = "<group>"; };
		7692E06C251BFF9400C5FB9A /* Preview Assets.xcassets */ = {isa = PBXFileReference; lastKnownFileType = folder.assetcatalog; path = "Preview Assets.xcassets"; sourceTree = "<group>"; };
		7692E06F251BFF9400C5FB9A /* Base */ = {isa = PBXFileReference; lastKnownFileType = file.storyboard; name = Base; path = Base.lproj/Main.storyboard; sourceTree = "<group>"; };
		7692E071251BFF9400C5FB9A /* Info.plist */ = {isa = PBXFileReference; lastKnownFileType = text.plist.xml; path = Info.plist; sourceTree = "<group>"; };
		7692E072251BFF9400C5FB9A /* Patched_Sur___For_Catalina.entitlements */ = {isa = PBXFileReference; lastKnownFileType = text.plist.entitlements; path = "Patched_Sur___For_Catalina.entitlements"; sourceTree = "<group>"; };
		7692E07D251BFFB200C5FB9A /* Patched Sur.app */ = {isa = PBXFileReference; explicitFileType = wrapper.application; includeInIndex = 0; path = "Patched Sur.app"; sourceTree = BUILT_PRODUCTS_DIR; };
		7692E07F251BFFB300C5FB9A /* PatchedSurApp.swift */ = {isa = PBXFileReference; lastKnownFileType = sourcecode.swift; path = PatchedSurApp.swift; sourceTree = "<group>"; };
		7692E081251BFFB300C5FB9A /* ContentView.swift */ = {isa = PBXFileReference; lastKnownFileType = sourcecode.swift; path = ContentView.swift; sourceTree = "<group>"; };
		7692E083251BFFB400C5FB9A /* Assets.xcassets */ = {isa = PBXFileReference; lastKnownFileType = folder.assetcatalog; path = Assets.xcassets; sourceTree = "<group>"; };
		7692E086251BFFB400C5FB9A /* Preview Assets.xcassets */ = {isa = PBXFileReference; lastKnownFileType = folder.assetcatalog; path = "Preview Assets.xcassets"; sourceTree = "<group>"; };
		7692E088251BFFB400C5FB9A /* Info.plist */ = {isa = PBXFileReference; lastKnownFileType = text.plist.xml; path = Info.plist; sourceTree = "<group>"; };
		7692E089251BFFB400C5FB9A /* Patched_Sur.entitlements */ = {isa = PBXFileReference; lastKnownFileType = text.plist.entitlements; path = Patched_Sur.entitlements; sourceTree = "<group>"; };
		7692E08F251C077400C5FB9A /* MainView.swift */ = {isa = PBXFileReference; lastKnownFileType = sourcecode.swift; path = MainView.swift; sourceTree = "<group>"; };
		769532432605A144007A1BB4 /* VolumeSelectorView.swift */ = {isa = PBXFileReference; lastKnownFileType = sourcecode.swift; path = VolumeSelectorView.swift; sourceTree = "<group>"; };
		769932E2263F2DE8006088E9 /* el */ = {isa = PBXFileReference; lastKnownFileType = text.plist.strings; name = el; path = el.lproj/Localizable.strings; sourceTree = "<group>"; };
		769F37F22601A4DC007A1246 /* DownloadActions.swift */ = {isa = PBXFileReference; lastKnownFileType = sourcecode.swift; path = DownloadActions.swift; sourceTree = "<group>"; };
		769F37F42601AF06007A1246 /* macOSDownloadView.swift */ = {isa = PBXFileReference; lastKnownFileType = sourcecode.swift; path = macOSDownloadView.swift; sourceTree = "<group>"; };
		76A070B6261AD06E0002A304 /* CreateInstallerMain.swift */ = {isa = PBXFileReference; lastKnownFileType = sourcecode.swift; path = CreateInstallerMain.swift; sourceTree = "<group>"; };
		76A0B78C25749FC100E392D1 /* main.swift */ = {isa = PBXFileReference; lastKnownFileType = sourcecode.swift; path = main.swift; sourceTree = "<group>"; };
		76A1D33A259933880032F7D9 /* CompatInfo.swift */ = {isa = PBXFileReference; lastKnownFileType = sourcecode.swift; path = CompatInfo.swift; sourceTree = "<group>"; };
		76A30CB5262B234F00B92DD2 /* InstallOSSur.icns */ = {isa = PBXFileReference; lastKnownFileType = image.icns; path = InstallOSSur.icns; sourceTree = "<group>"; };
		76A30CB9262B319900B92DD2 /* Safari.icns */ = {isa = PBXFileReference; lastKnownFileType = image.icns; path = Safari.icns; sourceTree = "<group>"; };
		76A30CBE262B336300B92DD2 /* DiskUtility.icns */ = {isa = PBXFileReference; lastKnownFileType = image.icns; path = DiskUtility.icns; sourceTree = "<group>"; };
		76A30CC2262B336A00B92DD2 /* PatchedSurIcon.icns */ = {isa = PBXFileReference; lastKnownFileType = image.icns; path = PatchedSurIcon.icns; sourceTree = "<group>"; };
		76A626D32524ED78002C57EA /* MacCompatibility.swift */ = {isa = PBXFileReference; lastKnownFileType = sourcecode.swift; path = MacCompatibility.swift; sourceTree = "<group>"; };
		76B5981F262CEE0E004E52BC /* RecoveryPatchView.swift */ = {isa = PBXFileReference; lastKnownFileType = sourcecode.swift; path = RecoveryPatchView.swift; sourceTree = "<group>"; };
		76B7C334253A8EDA001C7991 /* ReleaseTrackView.swift */ = {isa = PBXFileReference; lastKnownFileType = sourcecode.swift; path = ReleaseTrackView.swift; sourceTree = "<group>"; };
		76CF37BC25E8C73500403208 /* NotificationsView.swift */ = {isa = PBXFileReference; lastKnownFileType = sourcecode.swift; path = NotificationsView.swift; sourceTree = "<group>"; };
		76D639DC2576302500B38FBE /* main.swift */ = {isa = PBXFileReference; lastKnownFileType = sourcecode.swift; path = main.swift; sourceTree = "<group>"; };
		76DB62FE251C637000AB8865 /* DownloadView.swift */ = {isa = PBXFileReference; lastKnownFileType = sourcecode.swift; path = DownloadView.swift; sourceTree = "<group>"; };
		76E6C72D263B8ED50063C08E /* ru */ = {isa = PBXFileReference; lastKnownFileType = text.plist.strings; name = ru; path = ru.lproj/Main.strings; sourceTree = "<group>"; };
		76E6C72F263B8EEF0063C08E /* uk */ = {isa = PBXFileReference; lastKnownFileType = text.plist.strings; name = uk; path = uk.lproj/Main.strings; sourceTree = "<group>"; };
		76E6C731263B90720063C08E /* pt-BR */ = {isa = PBXFileReference; lastKnownFileType = text.plist.strings; name = "pt-BR"; path = "pt-BR.lproj/Main.strings"; sourceTree = "<group>"; };
		76E6C735263B93510063C08E /* pt-PT */ = {isa = PBXFileReference; lastKnownFileType = text.plist.strings; name = "pt-PT"; path = "pt-PT.lproj/Main.strings"; sourceTree = "<group>"; };
		76E6C737263B93630063C08E /* es */ = {isa = PBXFileReference; lastKnownFileType = text.plist.strings; name = es; path = es.lproj/Main.strings; sourceTree = "<group>"; };
		76E6C740263B99B10063C08E /* en */ = {isa = PBXFileReference; lastKnownFileType = text.plist.strings; name = en; path = en.lproj/Main.strings; sourceTree = "<group>"; };
		76E6C748263CB0BF0063C08E /* en */ = {isa = PBXFileReference; lastKnownFileType = text.plist.strings; name = en; path = en.lproj/Localizable.strings; sourceTree = "<group>"; };
		76E6C74A263CB0C30063C08E /* pt-BR */ = {isa = PBXFileReference; lastKnownFileType = text.plist.strings; name = "pt-BR"; path = "pt-BR.lproj/Localizable.strings"; sourceTree = "<group>"; };
		76E6C74B263CB0C60063C08E /* pt-PT */ = {isa = PBXFileReference; lastKnownFileType = text.plist.strings; name = "pt-PT"; path = "pt-PT.lproj/Localizable.strings"; sourceTree = "<group>"; };
		76E6C74C263CB0C70063C08E /* ru */ = {isa = PBXFileReference; lastKnownFileType = text.plist.strings; name = ru; path = ru.lproj/Localizable.strings; sourceTree = "<group>"; };
		76E6C74D263CB0C90063C08E /* es */ = {isa = PBXFileReference; lastKnownFileType = text.plist.strings; name = es; path = es.lproj/Localizable.strings; sourceTree = "<group>"; };
		76E6C74E263CB0C90063C08E /* uk */ = {isa = PBXFileReference; lastKnownFileType = text.plist.strings; name = uk; path = uk.lproj/Localizable.strings; sourceTree = "<group>"; };
		76E73A67262CF77C0009D9CC /* RecoveryPatchActions.swift */ = {isa = PBXFileReference; lastKnownFileType = sourcecode.swift; path = RecoveryPatchActions.swift; sourceTree = "<group>"; };
		76E9A6E825E1A96A0061B35D /* PatchDaemon.swift */ = {isa = PBXFileReference; lastKnownFileType = sourcecode.swift; path = PatchDaemon.swift; sourceTree = "<group>"; };
		76EBA22726449AA200F50A8C /* es */ = {isa = PBXFileReference; lastKnownFileType = text.plist.strings; name = es; path = es.lproj/Localizable.strings; sourceTree = "<group>"; };
		76F11508256EE9FB001AB749 /* PatchedVersion.swift */ = {isa = PBXFileReference; lastKnownFileType = sourcecode.swift; path = PatchedVersion.swift; sourceTree = "<group>"; };
		76F11510256EED85001AB749 /* UpdateAppView.swift */ = {isa = PBXFileReference; lastKnownFileType = sourcecode.swift; path = UpdateAppView.swift; sourceTree = "<group>"; };
		76F6EED72552684A001508E8 /* README.md */ = {isa = PBXFileReference; lastKnownFileType = net.daringfireball.markdown; path = README.md; sourceTree = "<group>"; };
/* End PBXFileReference section */

/* Begin PBXFrameworksBuildPhase section */
		760280AB2627EB920054059A /* Frameworks */ = {
			isa = PBXFrameworksBuildPhase;
			buildActionMask = 2147483647;
			files = (
			);
			runOnlyForDeploymentPostprocessing = 0;
		};
		762CBC9F260C20E5008F0A86 /* Frameworks */ = {
			isa = PBXFrameworksBuildPhase;
			buildActionMask = 2147483647;
			files = (
			);
			runOnlyForDeploymentPostprocessing = 0;
		};
		7692E05F251BFF9300C5FB9A /* Frameworks */ = {
			isa = PBXFrameworksBuildPhase;
			buildActionMask = 2147483647;
			files = (
				76D8437B25F861DE006C6565 /* VeliaUI in Frameworks */,
				7625796725423FD600508A71 /* Files in Frameworks */,
			);
			runOnlyForDeploymentPostprocessing = 0;
		};
		7692E07A251BFFB200C5FB9A /* Frameworks */ = {
			isa = PBXFrameworksBuildPhase;
			buildActionMask = 2147483647;
			files = (
				76D8437D25F861E6006C6565 /* VeliaUI in Frameworks */,
				768D516525CA4FD90091D1F0 /* Files in Frameworks */,
			);
			runOnlyForDeploymentPostprocessing = 0;
		};
/* End PBXFrameworksBuildPhase section */

/* Begin PBXGroup section */
		760280AF2627EB920054059A /* PSRecovery */ = {
			isa = PBXGroup;
			children = (
				76A30CBD262B334A00B92DD2 /* Resources */,
				76315A6D262A7E2F0065032C /* ModuleViews */,
				760280C12627EC490054059A /* VControllers */,
				760280B32627EB930054059A /* Assets.xcassets */,
				760280B82627EB930054059A /* Info.plist */,
				760280B92627EB930054059A /* main.m */,
				760280BB2627EB930054059A /* PSRecovery.entitlements */,
				76315A59262A69AF0065032C /* PSApp.h */,
				76315A5A262A69C00065032C /* PSApp.m */,
			);
			path = PSRecovery;
			sourceTree = "<group>";
		};
		760280C12627EC490054059A /* VControllers */ = {
			isa = PBXGroup;
			children = (
				760280B02627EB920054059A /* AppDelegate.h */,
				760280B12627EB920054059A /* AppDelegate.m */,
				760280B52627EB930054059A /* MainMenu.xib */,
				760280CE2627EDD20054059A /* PSWelcomeController.h */,
				760280C82627EDC00054059A /* PSWelcomeController.m */,
				760280D32627F36F0054059A /* PSWelcomeController.xib */,
				76315A56262A4F9C0065032C /* PSSpringController.h */,
				76315A50262A4F8D0065032C /* PSSpringController.m */,
				76315A4C262A4F6C0065032C /* PSSpringController.xib */,
				763DA722262BC74E0042F864 /* PSOSXController.h */,
				763DA723262BC7690042F864 /* PSOSXController.m */,
				763DA727262BDE290042F864 /* PSOSXController.xib */,
			);
			path = VControllers;
			sourceTree = "<group>";
		};
		762493482635EA5700805E4A /* Localization */ = {
			isa = PBXGroup;
			children = (
				7624934D2635EA6900805E4A /* Localizable.strings */,
			);
			path = Localization;
			sourceTree = "<group>";
		};
		762CBCA3260C20E5008F0A86 /* Patched Sur - Recovery */ = {
			isa = PBXGroup;
			children = (
				762CBCA4260C20E5008F0A86 /* AppDelegate.swift */,
				76E6C749263CB0BF0063C08E /* Localizable.strings */,
				762CBCA6260C20E5008F0A86 /* ViewController.swift */,
				762CBCA8260C20E8008F0A86 /* Assets.xcassets */,
				762CBCAA260C20E8008F0A86 /* Main.storyboard */,
				762CBCAD260C20E8008F0A86 /* Info.plist */,
				762CBCAE260C20E8008F0A86 /* Patched_Sur___Recovery.entitlements */,
			);
			path = "Patched Sur - Recovery";
			sourceTree = "<group>";
		};
		762F8C1D25F87ED20021E4AF /* CoreCode */ = {
			isa = PBXGroup;
			children = (
				76A0B78C25749FC100E392D1 /* main.swift */,
				7692E07F251BFFB300C5FB9A /* PatchedSurApp.swift */,
				76E9A6E825E1A96A0061B35D /* PatchDaemon.swift */,
				762A066725BF93A80037655D /* Keychain.swift */,
			);
			path = CoreCode;
			sourceTree = "<group>";
		};
		762F8C1E25F87EE00021E4AF /* Views */ = {
			isa = PBXGroup;
			children = (
				762F8C1F25F87EF80021E4AF /* AboutPatchedSur.swift */,
				7692E081251BFFB300C5FB9A /* ContentView.swift */,
				3F42EB03255176F700365279 /* PSSettings.swift */,
				762A1DB3260C19B80009620B /* PatchKextsView.swift */,
				76A070B6261AD06E0002A304 /* CreateInstallerMain.swift */,
				7631558E254DDB6C00646CE9 /* AboutMyMac.swift */,
				768F51F5256E05190069096E /* UpdateView.swift */,
				760AA9CE261E72A200ADABE0 /* UpdateOSView.swift */,
				767EF2AC261E975A00769793 /* UpdateChooser.swift */,
				7609BD17257FF8DB0054B76F /* DownloadKexts.swift */,
				7609BD1D258008B70054B76F /* StartInstallView.swift */,
				76553B91262156AE00336C5B /* HaxDownloadView.swift */,
				76CF37BC25E8C73500403208 /* NotificationsView.swift */,
				76B5981F262CEE0E004E52BC /* RecoveryPatchView.swift */,
				76F11510256EED85001AB749 /* UpdateAppView.swift */,
			);
			path = Views;
			sourceTree = "<group>";
		};
		76315A6D262A7E2F0065032C /* ModuleViews */ = {
			isa = PBXGroup;
			children = (
				767957A42629397900036393 /* VIButton.h */,
				767957A02629396D00036393 /* VIButton.m */,
			);
			path = ModuleViews;
			sourceTree = "<group>";
		};
		764F516425FC95C7004F49C6 /* Actions */ = {
			isa = PBXGroup;
			children = (
				764F516725FC960D004F49C6 /* VerifyActions.swift */,
				76A1D33A259933880032F7D9 /* CompatInfo.swift */,
				76747BD82523A66F004596CC /* InstallAssistants.swift */,
				763B28C125FF0D2300389448 /* InstallAssistantActions.swift */,
				769F37F22601A4DC007A1246 /* DownloadActions.swift */,
				7633BC7E2617D24800A550A6 /* PSPatchV.swift */,
				763C8D3D2606681F00CA917D /* HandleVolumesActions.swift */,
				7674026C2606F99100E39469 /* InstallerActions.swift */,
			);
			path = Actions;
			sourceTree = "<group>";
		};
		7691808625F9DB5C003FB34C /* Actions */ = {
			isa = PBXGroup;
			children = (
				7691808725F9DB80003FB34C /* SettingsActions.swift */,
				76688D7A2619521C00A1450A /* PatchKextsActions.swift */,
				760C7D1A25719C27004817F1 /* UpdateAppAction.swift */,
				7680783826211A5D000ABD89 /* UpdaterActions.swift */,
				7680783B26211AC5000ABD89 /* UpdateChooserActions.swift */,
				76E73A67262CF77C0009D9CC /* RecoveryPatchActions.swift */,
				765DA449264E26F3003A97B5 /* PSKexts.swift */,
			);
			path = Actions;
			sourceTree = "<group>";
		};
		7692E059251BFF9300C5FB9A = {
			isa = PBXGroup;
			children = (
				76F6EED72552684A001508E8 /* README.md */,
				76FEEFAC254F4DA80079CEFC /* Extra Files */,
				7692E064251BFF9300C5FB9A /* Patched Sur - For Catalina */,
				7692E07E251BFFB300C5FB9A /* Patched Sur */,
				762CBCA3260C20E5008F0A86 /* Patched Sur - Recovery */,
				760280AF2627EB920054059A /* PSRecovery */,
				7692E063251BFF9300C5FB9A /* Products */,
				7692E09A251C09AB00C5FB9A /* Frameworks */,
			);
			sourceTree = "<group>";
		};
		7692E063251BFF9300C5FB9A /* Products */ = {
			isa = PBXGroup;
			children = (
				7692E062251BFF9300C5FB9A /* Patched Sur - For Catalina.app */,
				7692E07D251BFFB200C5FB9A /* Patched Sur.app */,
				762CBCA2260C20E5008F0A86 /* Patched Sur - Recovery.app */,
				760280AE2627EB920054059A /* PSRecovery.app */,
			);
			name = Products;
			sourceTree = "<group>";
		};
		7692E064251BFF9300C5FB9A /* Patched Sur - For Catalina */ = {
			isa = PBXGroup;
			children = (
				762493482635EA5700805E4A /* Localization */,
				76D8437E25F8646B006C6565 /* CoreCode */,
				76D8437F25F86486006C6565 /* Views */,
				764F516425FC95C7004F49C6 /* Actions */,
				7692E069251BFF9400C5FB9A /* Assets.xcassets */,
				7692E071251BFF9400C5FB9A /* Info.plist */,
				7692E072251BFF9400C5FB9A /* Patched_Sur___For_Catalina.entitlements */,
				7692E06B251BFF9400C5FB9A /* Preview Content */,
			);
			path = "Patched Sur - For Catalina";
			sourceTree = "<group>";
		};
		7692E06B251BFF9400C5FB9A /* Preview Content */ = {
			isa = PBXGroup;
			children = (
				7692E06C251BFF9400C5FB9A /* Preview Assets.xcassets */,
			);
			path = "Preview Content";
			sourceTree = "<group>";
		};
		7692E07E251BFFB300C5FB9A /* Patched Sur */ = {
			isa = PBXGroup;
			children = (
				762F8C1D25F87ED20021E4AF /* CoreCode */,
				762F8C1E25F87EE00021E4AF /* Views */,
				7691808625F9DB5C003FB34C /* Actions */,
				7631556F254C984900646CE9 /* ExtraViews.swift */,
				7692E083251BFFB400C5FB9A /* Assets.xcassets */,
				7692E088251BFFB400C5FB9A /* Info.plist */,
				7692E089251BFFB400C5FB9A /* Patched_Sur.entitlements */,
				76F11508256EE9FB001AB749 /* PatchedVersion.swift */,
				7692E085251BFFB400C5FB9A /* Preview Content */,
			);
			path = "Patched Sur";
			sourceTree = "<group>";
		};
		7692E085251BFFB400C5FB9A /* Preview Content */ = {
			isa = PBXGroup;
			children = (
				7692E086251BFFB400C5FB9A /* Preview Assets.xcassets */,
			);
			path = "Preview Content";
			sourceTree = "<group>";
		};
		7692E09A251C09AB00C5FB9A /* Frameworks */ = {
			isa = PBXGroup;
			children = (
				767D6F9B25AA294C00A773AE /* SwiftUI.framework */,
				7605944B26325D420005C38C /* WidgetKit.framework */,
			);
			name = Frameworks;
			sourceTree = "<group>";
		};
		76A30CBD262B334A00B92DD2 /* Resources */ = {
			isa = PBXGroup;
			children = (
				76A30CB5262B234F00B92DD2 /* InstallOSSur.icns */,
				76A30CB9262B319900B92DD2 /* Safari.icns */,
				76A30CBE262B336300B92DD2 /* DiskUtility.icns */,
				76A30CC2262B336A00B92DD2 /* PatchedSurIcon.icns */,
				768C297E262B533D00C2FED9 /* TinyTerminal.tiff */,
				768C2984262B53CA00C2FED9 /* TinySecure.tiff */,
			);
			path = Resources;
			sourceTree = "<group>";
		};
		76D8437E25F8646B006C6565 /* CoreCode */ = {
			isa = PBXGroup;
			children = (
				76D639DC2576302500B38FBE /* main.swift */,
				7692E065251BFF9300C5FB9A /* AppDelegate.swift */,
				7692E067251BFF9300C5FB9A /* CentralView.swift */,
				767167502550AE42000FAE80 /* ShellOut.swift */,
				7692E06E251BFF9400C5FB9A /* Main.storyboard */,
				764B82BB263F3F6900A5BCF0 /* Unsupported.plist */,
			);
			path = CoreCode;
			sourceTree = "<group>";
		};
		76D8437F25F86486006C6565 /* Views */ = {
			isa = PBXGroup;
			children = (
				76714F4225B6B350001AF55A /* EnterPasswordPrompt.swift */,
				7692E08F251C077400C5FB9A /* MainView.swift */,
				762DA8FF2606C0B400A9235A /* CreditsView.swift */,
				762DA8FD2606BA6300A9235A /* RememberPleaseView.swift */,
				76A626D32524ED78002C57EA /* MacCompatibility.swift */,
				76B7C334253A8EDA001C7991 /* ReleaseTrackView.swift */,
				769289D825FEEF64002F9CAC /* macOSConfirmView.swift */,
				76DB62FE251C637000AB8865 /* DownloadView.swift */,
				769F37F42601AF06007A1246 /* macOSDownloadView.swift */,
				769532432605A144007A1BB4 /* VolumeSelectorView.swift */,
				7674026A2606EEBD00E39469 /* CreateInstallerView.swift */,
				7674026F2607DF8300E39469 /* DoneView.swift */,
			);
			path = Views;
			sourceTree = "<group>";
		};
		76FEEFAC254F4DA80079CEFC /* Extra Files */ = {
			isa = PBXGroup;
			children = (
				762385E625E9DEE70088A8D9 /* PatchedSurDaemon.plist */,
				764EB40B25C61D190033184B /* banner.png */,
				7643F616256F2A4700A9D61E /* NameComponent.plist */,
			);
			path = "Extra Files";
			sourceTree = "<group>";
		};
/* End PBXGroup section */

/* Begin PBXNativeTarget section */
		760280AD2627EB920054059A /* PSRecovery */ = {
			isa = PBXNativeTarget;
			buildConfigurationList = 760280BE2627EB930054059A /* Build configuration list for PBXNativeTarget "PSRecovery" */;
			buildPhases = (
				760280AA2627EB920054059A /* Sources */,
				760280AB2627EB920054059A /* Frameworks */,
				760280AC2627EB920054059A /* Resources */,
			);
			buildRules = (
			);
			dependencies = (
			);
			name = PSRecovery;
			productName = PSRecovery;
			productReference = 760280AE2627EB920054059A /* PSRecovery.app */;
			productType = "com.apple.product-type.application";
		};
		762CBCA1260C20E5008F0A86 /* Patched Sur - Recovery */ = {
			isa = PBXNativeTarget;
			buildConfigurationList = 762CBCAF260C20E8008F0A86 /* Build configuration list for PBXNativeTarget "Patched Sur - Recovery" */;
			buildPhases = (
				762CBC9E260C20E5008F0A86 /* Sources */,
				762CBC9F260C20E5008F0A86 /* Frameworks */,
				762CBCA0260C20E5008F0A86 /* Resources */,
			);
			buildRules = (
			);
			dependencies = (
			);
			name = "Patched Sur - Recovery";
			productName = "Patched Sur - Recovery";
			productReference = 762CBCA2260C20E5008F0A86 /* Patched Sur - Recovery.app */;
			productType = "com.apple.product-type.application";
		};
		7692E061251BFF9300C5FB9A /* Patched Sur - For Catalina */ = {
			isa = PBXNativeTarget;
			buildConfigurationList = 7692E075251BFF9400C5FB9A /* Build configuration list for PBXNativeTarget "Patched Sur - For Catalina" */;
			buildPhases = (
				7692E05E251BFF9300C5FB9A /* Sources */,
				7692E05F251BFF9300C5FB9A /* Frameworks */,
				7692E060251BFF9300C5FB9A /* Resources */,
				76D8437825F86047006C6565 /* Embed Libraries */,
				76A070CE261BADA90002A304 /* Add SharedSupport */,
			);
			buildRules = (
			);
			dependencies = (
				7633BC782617806A00A550A6 /* PBXTargetDependency */,
				7633BC762617805200A550A6 /* PBXTargetDependency */,
			);
			name = "Patched Sur - For Catalina";
			packageProductDependencies = (
				7625796625423FD600508A71 /* Files */,
				76D8437A25F861DE006C6565 /* VeliaUI */,
			);
			productName = "Patched Sur - For Catalina";
			productReference = 7692E062251BFF9300C5FB9A /* Patched Sur - For Catalina.app */;
			productType = "com.apple.product-type.application";
		};
		7692E07C251BFFB200C5FB9A /* Patched Sur */ = {
			isa = PBXNativeTarget;
			buildConfigurationList = 7692E08A251BFFB400C5FB9A /* Build configuration list for PBXNativeTarget "Patched Sur" */;
			buildPhases = (
				7692E079251BFFB200C5FB9A /* Sources */,
				7692E07A251BFFB200C5FB9A /* Frameworks */,
				7692E07B251BFFB200C5FB9A /* Resources */,
				76D8437625F85FF2006C6565 /* Embed Libraries */,
				76A070C8261BABBF0002A304 /* CopyFiles */,
				7605945826325D450005C38C /* Embed App Extensions */,
			);
			buildRules = (
			);
			dependencies = (
				76A070C2261BAAE40002A304 /* PBXTargetDependency */,
			);
			name = "Patched Sur";
			packageProductDependencies = (
				768D516425CA4FD90091D1F0 /* Files */,
				76D8437C25F861E6006C6565 /* VeliaUI */,
			);
			productName = "Patched Sur";
			productReference = 7692E07D251BFFB200C5FB9A /* Patched Sur.app */;
			productType = "com.apple.product-type.application";
		};
/* End PBXNativeTarget section */

/* Begin PBXProject section */
		7692E05A251BFF9300C5FB9A /* Project object */ = {
			isa = PBXProject;
			attributes = {
				LastSwiftUpdateCheck = 1240;
				LastUpgradeCheck = 1250;
				TargetAttributes = {
					760280AD2627EB920054059A = {
						CreatedOnToolsVersion = 12.4;
					};
					762CBCA1260C20E5008F0A86 = {
						CreatedOnToolsVersion = 12.4;
					};
					7692E061251BFF9300C5FB9A = {
						CreatedOnToolsVersion = 12.2;
					};
					7692E07C251BFFB200C5FB9A = {
						CreatedOnToolsVersion = 12.2;
					};
				};
			};
			buildConfigurationList = 7692E05D251BFF9300C5FB9A /* Build configuration list for PBXProject "Patched Sur" */;
			compatibilityVersion = "Xcode 9.3";
			developmentRegion = en;
			hasScannedForEncodings = 0;
			knownRegions = (
				en,
				Base,
				es,
				ru,
				uk,
				"pt-BR",
				"pt-PT",
				"zh-Hans",
				"zh-Hant",
				da,
				hr,
				de,
				el,
				fr,
			);
			mainGroup = 7692E059251BFF9300C5FB9A;
			packageReferences = (
				7625796525423FD600508A71 /* XCRemoteSwiftPackageReference "Files" */,
				76D8437925F861DE006C6565 /* XCRemoteSwiftPackageReference "VeliaUI" */,
			);
			productRefGroup = 7692E063251BFF9300C5FB9A /* Products */;
			projectDirPath = "";
			projectRoot = "";
			targets = (
				7692E061251BFF9300C5FB9A /* Patched Sur - For Catalina */,
				7692E07C251BFFB200C5FB9A /* Patched Sur */,
				762CBCA1260C20E5008F0A86 /* Patched Sur - Recovery */,
				760280AD2627EB920054059A /* PSRecovery */,
			);
		};
/* End PBXProject section */

/* Begin PBXResourcesBuildPhase section */
		760280AC2627EB920054059A /* Resources */ = {
			isa = PBXResourcesBuildPhase;
			buildActionMask = 2147483647;
			files = (
				760280B42627EB930054059A /* Assets.xcassets in Resources */,
				76315A4D262A4F6C0065032C /* PSSpringController.xib in Resources */,
				763DA728262BDE290042F864 /* PSOSXController.xib in Resources */,
				76A30CC3262B336A00B92DD2 /* PatchedSurIcon.icns in Resources */,
				768C2985262B53CA00C2FED9 /* TinySecure.tiff in Resources */,
				760280D42627F36F0054059A /* PSWelcomeController.xib in Resources */,
				76A30CB6262B234F00B92DD2 /* InstallOSSur.icns in Resources */,
				76A30CBF262B336300B92DD2 /* DiskUtility.icns in Resources */,
				76A30CBA262B319900B92DD2 /* Safari.icns in Resources */,
				768C297F262B533D00C2FED9 /* TinyTerminal.tiff in Resources */,
				760280B72627EB930054059A /* MainMenu.xib in Resources */,
			);
			runOnlyForDeploymentPostprocessing = 0;
		};
		762CBCA0260C20E5008F0A86 /* Resources */ = {
			isa = PBXResourcesBuildPhase;
			buildActionMask = 2147483647;
			files = (
				762CBCA9260C20E8008F0A86 /* Assets.xcassets in Resources */,
				76E6C747263CB0BF0063C08E /* Localizable.strings in Resources */,
				762CBCAC260C20E8008F0A86 /* Main.storyboard in Resources */,
			);
			runOnlyForDeploymentPostprocessing = 0;
		};
		7692E060251BFF9300C5FB9A /* Resources */ = {
			isa = PBXResourcesBuildPhase;
			buildActionMask = 2147483647;
			files = (
				764B82BC263F3F6900A5BCF0 /* Unsupported.plist in Resources */,
				7633BC792617807100A550A6 /* Patched Sur.app in Resources */,
				7624934B2635EA6900805E4A /* Localizable.strings in Resources */,
				7633BC732617744900A550A6 /* Patched Sur - Recovery.app in Resources */,
				7692E070251BFF9400C5FB9A /* Main.storyboard in Resources */,
				7692E06D251BFF9400C5FB9A /* Preview Assets.xcassets in Resources */,
				7692E06A251BFF9400C5FB9A /* Assets.xcassets in Resources */,
			);
			runOnlyForDeploymentPostprocessing = 0;
		};
		7692E07B251BFFB200C5FB9A /* Resources */ = {
			isa = PBXResourcesBuildPhase;
			buildActionMask = 2147483647;
			files = (
				76A070C3261BAAF00002A304 /* Patched Sur - Recovery.app in Resources */,
				76E6C72A263B8DF10063C08E /* Localizable.strings in Resources */,
				7692E087251BFFB400C5FB9A /* Preview Assets.xcassets in Resources */,
				7692E084251BFFB400C5FB9A /* Assets.xcassets in Resources */,
			);
			runOnlyForDeploymentPostprocessing = 0;
		};
/* End PBXResourcesBuildPhase section */

/* Begin PBXSourcesBuildPhase section */
		760280AA2627EB920054059A /* Sources */ = {
			isa = PBXSourcesBuildPhase;
			buildActionMask = 2147483647;
			files = (
				76315A5B262A69C00065032C /* PSApp.m in Sources */,
				767957A12629396D00036393 /* VIButton.m in Sources */,
				763DA724262BC7690042F864 /* PSOSXController.m in Sources */,
				760280BA2627EB930054059A /* main.m in Sources */,
				760280B22627EB920054059A /* AppDelegate.m in Sources */,
				760280C92627EDC00054059A /* PSWelcomeController.m in Sources */,
				76315A51262A4F8D0065032C /* PSSpringController.m in Sources */,
			);
			runOnlyForDeploymentPostprocessing = 0;
		};
		762CBC9E260C20E5008F0A86 /* Sources */ = {
			isa = PBXSourcesBuildPhase;
			buildActionMask = 2147483647;
			files = (
				762CBCA7260C20E5008F0A86 /* ViewController.swift in Sources */,
				762CBCA5260C20E5008F0A86 /* AppDelegate.swift in Sources */,
			);
			runOnlyForDeploymentPostprocessing = 0;
		};
		7692E05E251BFF9300C5FB9A /* Sources */ = {
			isa = PBXSourcesBuildPhase;
			buildActionMask = 2147483647;
			files = (
				769F37F52601AF06007A1246 /* macOSDownloadView.swift in Sources */,
				769289D925FEEF64002F9CAC /* macOSConfirmView.swift in Sources */,
				7633BC7F2617D24800A550A6 /* PSPatchV.swift in Sources */,
				767402702607DF8300E39469 /* DoneView.swift in Sources */,
				767167512550AE42000FAE80 /* ShellOut.swift in Sources */,
				76D639DD2576302500B38FBE /* main.swift in Sources */,
				76DB62FF251C637000AB8865 /* DownloadView.swift in Sources */,
				7674026B2606EEBD00E39469 /* CreateInstallerView.swift in Sources */,
				764F516825FC960D004F49C6 /* VerifyActions.swift in Sources */,
				76B7C335253A8EDA001C7991 /* ReleaseTrackView.swift in Sources */,
				763B28C225FF0D2300389448 /* InstallAssistantActions.swift in Sources */,
				7692E068251BFF9300C5FB9A /* CentralView.swift in Sources */,
				7692E090251C077400C5FB9A /* MainView.swift in Sources */,
				76A626D42524ED78002C57EA /* MacCompatibility.swift in Sources */,
				7674026D2606F99100E39469 /* InstallerActions.swift in Sources */,
				769532442605A144007A1BB4 /* VolumeSelectorView.swift in Sources */,
				76A1D33B259933880032F7D9 /* CompatInfo.swift in Sources */,
				763C8D3E2606681F00CA917D /* HandleVolumesActions.swift in Sources */,
				76747BD92523A66F004596CC /* InstallAssistants.swift in Sources */,
				7692E066251BFF9300C5FB9A /* AppDelegate.swift in Sources */,
				762DA8FE2606BA6300A9235A /* RememberPleaseView.swift in Sources */,
				76714F4325B6B350001AF55A /* EnterPasswordPrompt.swift in Sources */,
				762DA9002606C0B400A9235A /* CreditsView.swift in Sources */,
				769F37F32601A4DC007A1246 /* DownloadActions.swift in Sources */,
			);
			runOnlyForDeploymentPostprocessing = 0;
		};
		7692E079251BFFB200C5FB9A /* Sources */ = {
			isa = PBXSourcesBuildPhase;
			buildActionMask = 2147483647;
			files = (
				7680783C26211AC5000ABD89 /* UpdateChooserActions.swift in Sources */,
				76A070D6261BB7760002A304 /* macOSDownloadView.swift in Sources */,
				76A070D2261BB7620002A304 /* DownloadView.swift in Sources */,
				7692E082251BFFB300C5FB9A /* ContentView.swift in Sources */,
				7609BD1E258008B70054B76F /* StartInstallView.swift in Sources */,
				768F51F6256E05190069096E /* UpdateView.swift in Sources */,
				76CF37BD25E8C73500403208 /* NotificationsView.swift in Sources */,
				76688D7B2619521C00A1450A /* PatchKextsActions.swift in Sources */,
				760C7D1B25719C27004817F1 /* UpdateAppAction.swift in Sources */,
				76A070DA261BBAD90002A304 /* CreateInstallerView.swift in Sources */,
				762F8C2025F87EF80021E4AF /* AboutPatchedSur.swift in Sources */,
				76F0674325FB2F490050A322 /* EnterPasswordPrompt.swift in Sources */,
				76B59820262CEE0E004E52BC /* RecoveryPatchView.swift in Sources */,
				762A1DB4260C19B80009620B /* PatchKextsView.swift in Sources */,
				76553B92262156AF00336C5B /* HaxDownloadView.swift in Sources */,
				76F11511256EED85001AB749 /* UpdateAppView.swift in Sources */,
				76A070E0261BBAEC0002A304 /* HandleVolumesActions.swift in Sources */,
				7674026E2607C5BD00E39469 /* ShellOut.swift in Sources */,
				7609BD18257FF8DB0054B76F /* DownloadKexts.swift in Sources */,
				76E9A6E925E1A96A0061B35D /* PatchDaemon.swift in Sources */,
				76315570254C984900646CE9 /* ExtraViews.swift in Sources */,
				762A066825BF93A80037655D /* Keychain.swift in Sources */,
				765DA44A264E26F3003A97B5 /* PSKexts.swift in Sources */,
				7680783926211A5D000ABD89 /* UpdaterActions.swift in Sources */,
				76A070B7261AD06E0002A304 /* CreateInstallerMain.swift in Sources */,
				76A070D8261BB7F80002A304 /* PSPatchV.swift in Sources */,
				3F42EB04255176F700365279 /* PSSettings.swift in Sources */,
				763B28C7260052D200389448 /* InstallAssistants.swift in Sources */,
				76A0B78D25749FC100E392D1 /* main.swift in Sources */,
				7691808825F9DB80003FB34C /* SettingsActions.swift in Sources */,
				767EF2AD261E975A00769793 /* UpdateChooser.swift in Sources */,
				76E73A68262CF77C0009D9CC /* RecoveryPatchActions.swift in Sources */,
				760AA9CF261E72A200ADABE0 /* UpdateOSView.swift in Sources */,
				76F11509256EE9FB001AB749 /* PatchedVersion.swift in Sources */,
				76A070B9261B5AB10002A304 /* ReleaseTrackView.swift in Sources */,
				76A070BD261B5F780002A304 /* InstallAssistantActions.swift in Sources */,
				76A070BB261B5F590002A304 /* macOSConfirmView.swift in Sources */,
				7692E080251BFFB300C5FB9A /* PatchedSurApp.swift in Sources */,
				76A070DE261BBAE90002A304 /* InstallerActions.swift in Sources */,
				76A070DC261BBAE60002A304 /* VolumeSelectorView.swift in Sources */,
				7631558F254DDB6C00646CE9 /* AboutMyMac.swift in Sources */,
				76A070D4261BB76B0002A304 /* DownloadActions.swift in Sources */,
			);
			runOnlyForDeploymentPostprocessing = 0;
		};
/* End PBXSourcesBuildPhase section */

/* Begin PBXTargetDependency section */
		7633BC762617805200A550A6 /* PBXTargetDependency */ = {
			isa = PBXTargetDependency;
			target = 7692E07C251BFFB200C5FB9A /* Patched Sur */;
			targetProxy = 7633BC752617805200A550A6 /* PBXContainerItemProxy */;
		};
		7633BC782617806A00A550A6 /* PBXTargetDependency */ = {
			isa = PBXTargetDependency;
			target = 762CBCA1260C20E5008F0A86 /* Patched Sur - Recovery */;
			targetProxy = 7633BC772617806A00A550A6 /* PBXContainerItemProxy */;
		};
		76A070C2261BAAE40002A304 /* PBXTargetDependency */ = {
			isa = PBXTargetDependency;
			target = 762CBCA1260C20E5008F0A86 /* Patched Sur - Recovery */;
			targetProxy = 76A070C1261BAAE40002A304 /* PBXContainerItemProxy */;
		};
/* End PBXTargetDependency section */

/* Begin PBXVariantGroup section */
		760280B52627EB930054059A /* MainMenu.xib */ = {
			isa = PBXVariantGroup;
			children = (
				760280B62627EB930054059A /* Base */,
			);
			name = MainMenu.xib;
			sourceTree = "<group>";
		};
		7624934D2635EA6900805E4A /* Localizable.strings */ = {
			isa = PBXVariantGroup;
			children = (
				7624934C2635EA6900805E4A /* en */,
				76633BEE263E1550000A949E /* ru */,
				76633BF1263E257F000A949E /* uk */,
				76633BF2263E25A4000A949E /* pt-PT */,
				76633BF9263EF96C000A949E /* de */,
				769932E2263F2DE8006088E9 /* el */,
				764D732D2640F81000719132 /* pt-BR */,
				76EBA22726449AA200F50A8C /* es */,
			);
			name = Localizable.strings;
			sourceTree = "<group>";
		};
		762CBCAA260C20E8008F0A86 /* Main.storyboard */ = {
			isa = PBXVariantGroup;
			children = (
				762CBCAB260C20E8008F0A86 /* Base */,
				76E6C72D263B8ED50063C08E /* ru */,
				76E6C72F263B8EEF0063C08E /* uk */,
				76E6C731263B90720063C08E /* pt-BR */,
				76E6C735263B93510063C08E /* pt-PT */,
				76E6C737263B93630063C08E /* es */,
				76E6C740263B99B10063C08E /* en */,
				7646DF8E263CE4740097B136 /* zh-Hans */,
				7646DF90263CE4800097B136 /* zh-Hant */,
				7646DF97263CF0EB0097B136 /* da */,
				76020744263DA74A00A8D18A /* hr */,
				76020748263DBB3600A8D18A /* de */,
				7602074C263DCDDF00A8D18A /* el */,
				76633BF5263E3755000A949E /* fr */,
			);
			name = Main.storyboard;
			sourceTree = "<group>";
		};
		7692E06E251BFF9400C5FB9A /* Main.storyboard */ = {
			isa = PBXVariantGroup;
			children = (
				7692E06F251BFF9400C5FB9A /* Base */,
			);
			name = Main.storyboard;
			sourceTree = "<group>";
		};
		76E6C749263CB0BF0063C08E /* Localizable.strings */ = {
			isa = PBXVariantGroup;
			children = (
				76E6C748263CB0BF0063C08E /* en */,
				76E6C74A263CB0C30063C08E /* pt-BR */,
				76E6C74B263CB0C60063C08E /* pt-PT */,
				76E6C74C263CB0C70063C08E /* ru */,
				76E6C74D263CB0C90063C08E /* es */,
				76E6C74E263CB0C90063C08E /* uk */,
				7646DF8F263CE4740097B136 /* zh-Hans */,
				7646DF92263CE5DE0097B136 /* zh-Hant */,
				7646DF99263CF0EB0097B136 /* da */,
				76020745263DA74A00A8D18A /* hr */,
				76020749263DBB3600A8D18A /* de */,
				7602074D263DCDE000A8D18A /* el */,
				76633BF6263E3755000A949E /* fr */,
			);
			name = Localizable.strings;
			sourceTree = "<group>";
		};
/* End PBXVariantGroup section */

/* Begin XCBuildConfiguration section */
		760280BC2627EB930054059A /* Debug */ = {
			isa = XCBuildConfiguration;
			buildSettings = {
				ASSETCATALOG_COMPILER_APPICON_NAME = AppIcon;
				ASSETCATALOG_COMPILER_GLOBAL_ACCENT_COLOR_NAME = AccentColor;
				CODE_SIGN_ENTITLEMENTS = PSRecovery/PSRecovery.entitlements;
				CODE_SIGN_STYLE = Automatic;
				COMBINE_HIDPI_IMAGES = YES;
				CURRENT_PROJECT_VERSION = 83;
				DEVELOPMENT_TEAM = 52RY4VB4F6;
				ENABLE_HARDENED_RUNTIME = YES;
				INFOPLIST_FILE = PSRecovery/Info.plist;
				LD_RUNPATH_SEARCH_PATHS = (
					"$(inherited)",
					"@executable_path/../Frameworks",
				);
				MACOSX_DEPLOYMENT_TARGET = 11.1;
				MARKETING_VERSION = 0.2.0;
				PRODUCT_BUNDLE_IDENTIFIER = bensova.PSRecovery;
				PRODUCT_NAME = "$(TARGET_NAME)";
			};
			name = Debug;
		};
		760280BD2627EB930054059A /* Release */ = {
			isa = XCBuildConfiguration;
			buildSettings = {
				ASSETCATALOG_COMPILER_APPICON_NAME = AppIcon;
				ASSETCATALOG_COMPILER_GLOBAL_ACCENT_COLOR_NAME = AccentColor;
				CODE_SIGN_ENTITLEMENTS = PSRecovery/PSRecovery.entitlements;
				CODE_SIGN_STYLE = Automatic;
				COMBINE_HIDPI_IMAGES = YES;
				CURRENT_PROJECT_VERSION = 83;
				DEVELOPMENT_TEAM = 52RY4VB4F6;
				ENABLE_HARDENED_RUNTIME = YES;
				INFOPLIST_FILE = PSRecovery/Info.plist;
				LD_RUNPATH_SEARCH_PATHS = (
					"$(inherited)",
					"@executable_path/../Frameworks",
				);
				MACOSX_DEPLOYMENT_TARGET = 11.1;
				MARKETING_VERSION = 0.2.0;
				PRODUCT_BUNDLE_IDENTIFIER = bensova.PSRecovery;
				PRODUCT_NAME = "$(TARGET_NAME)";
			};
			name = Release;
		};
		762CBCB0260C20E8008F0A86 /* Debug */ = {
			isa = XCBuildConfiguration;
			buildSettings = {
				ASSETCATALOG_COMPILER_APPICON_NAME = AppIcon;
				ASSETCATALOG_COMPILER_GLOBAL_ACCENT_COLOR_NAME = AccentColor;
				CODE_SIGN_ENTITLEMENTS = "Patched Sur - Recovery/Patched_Sur___Recovery.entitlements";
				CODE_SIGN_IDENTITY = "-";
				CODE_SIGN_STYLE = Automatic;
				COMBINE_HIDPI_IMAGES = YES;
				CURRENT_PROJECT_VERSION = 102;
				DEVELOPMENT_TEAM = 52RY4VB4F6;
				ENABLE_HARDENED_RUNTIME = YES;
				INFOPLIST_FILE = "Patched Sur - Recovery/Info.plist";
				LD_RUNPATH_SEARCH_PATHS = (
					"$(inherited)",
					"@executable_path/../Frameworks",
				);
				MACOSX_DEPLOYMENT_TARGET = 11.0;
				MARKETING_VERSION = 0.3.0;
				PRODUCT_BUNDLE_IDENTIFIER = "bensova.Patched-Sur-Recovery";
				PRODUCT_NAME = "$(TARGET_NAME)";
				SWIFT_VERSION = 5.0;
			};
			name = Debug;
		};
		762CBCB1260C20E8008F0A86 /* Release */ = {
			isa = XCBuildConfiguration;
			buildSettings = {
				ASSETCATALOG_COMPILER_APPICON_NAME = AppIcon;
				ASSETCATALOG_COMPILER_GLOBAL_ACCENT_COLOR_NAME = AccentColor;
				CODE_SIGN_ENTITLEMENTS = "Patched Sur - Recovery/Patched_Sur___Recovery.entitlements";
				CODE_SIGN_IDENTITY = "-";
				CODE_SIGN_STYLE = Automatic;
				COMBINE_HIDPI_IMAGES = YES;
				CURRENT_PROJECT_VERSION = 102;
				DEVELOPMENT_TEAM = 52RY4VB4F6;
				ENABLE_HARDENED_RUNTIME = YES;
				INFOPLIST_FILE = "Patched Sur - Recovery/Info.plist";
				LD_RUNPATH_SEARCH_PATHS = (
					"$(inherited)",
					"@executable_path/../Frameworks",
				);
				MACOSX_DEPLOYMENT_TARGET = 11.0;
				MARKETING_VERSION = 0.3.0;
				PRODUCT_BUNDLE_IDENTIFIER = "bensova.Patched-Sur-Recovery";
				PRODUCT_NAME = "$(TARGET_NAME)";
				SWIFT_VERSION = 5.0;
			};
			name = Release;
		};
		7692E073251BFF9400C5FB9A /* Debug */ = {
			isa = XCBuildConfiguration;
			buildSettings = {
				ALWAYS_SEARCH_USER_PATHS = NO;
				CLANG_ANALYZER_LOCALIZABILITY_NONLOCALIZED = YES;
				CLANG_ANALYZER_NONNULL = YES;
				CLANG_ANALYZER_NUMBER_OBJECT_CONVERSION = YES_AGGRESSIVE;
				CLANG_CXX_LANGUAGE_STANDARD = "gnu++14";
				CLANG_CXX_LIBRARY = "libc++";
				CLANG_ENABLE_MODULES = YES;
				CLANG_ENABLE_OBJC_ARC = YES;
				CLANG_ENABLE_OBJC_WEAK = YES;
				CLANG_WARN_BLOCK_CAPTURE_AUTORELEASING = YES;
				CLANG_WARN_BOOL_CONVERSION = YES;
				CLANG_WARN_COMMA = YES;
				CLANG_WARN_CONSTANT_CONVERSION = YES;
				CLANG_WARN_DEPRECATED_OBJC_IMPLEMENTATIONS = YES;
				CLANG_WARN_DIRECT_OBJC_ISA_USAGE = YES_ERROR;
				CLANG_WARN_DOCUMENTATION_COMMENTS = YES;
				CLANG_WARN_EMPTY_BODY = YES;
				CLANG_WARN_ENUM_CONVERSION = YES;
				CLANG_WARN_INFINITE_RECURSION = YES;
				CLANG_WARN_INT_CONVERSION = YES;
				CLANG_WARN_NON_LITERAL_NULL_CONVERSION = YES;
				CLANG_WARN_OBJC_IMPLICIT_RETAIN_SELF = YES;
				CLANG_WARN_OBJC_LITERAL_CONVERSION = YES;
				CLANG_WARN_OBJC_ROOT_CLASS = YES_ERROR;
				CLANG_WARN_QUOTED_INCLUDE_IN_FRAMEWORK_HEADER = YES;
				CLANG_WARN_RANGE_LOOP_ANALYSIS = YES;
				CLANG_WARN_STRICT_PROTOTYPES = YES;
				CLANG_WARN_SUSPICIOUS_MOVE = YES;
				CLANG_WARN_UNGUARDED_AVAILABILITY = YES_AGGRESSIVE;
				CLANG_WARN_UNREACHABLE_CODE = YES;
				CLANG_WARN__DUPLICATE_METHOD_MATCH = YES;
				COPY_PHASE_STRIP = NO;
				DEBUG_INFORMATION_FORMAT = dwarf;
				ENABLE_STRICT_OBJC_MSGSEND = YES;
				ENABLE_TESTABILITY = YES;
				GCC_C_LANGUAGE_STANDARD = gnu11;
				GCC_DYNAMIC_NO_PIC = NO;
				GCC_NO_COMMON_BLOCKS = YES;
				GCC_OPTIMIZATION_LEVEL = 0;
				GCC_PREPROCESSOR_DEFINITIONS = (
					"DEBUG=1",
					"$(inherited)",
				);
				GCC_WARN_64_TO_32_BIT_CONVERSION = YES;
				GCC_WARN_ABOUT_RETURN_TYPE = YES_ERROR;
				GCC_WARN_UNDECLARED_SELECTOR = YES;
				GCC_WARN_UNINITIALIZED_AUTOS = YES_AGGRESSIVE;
				GCC_WARN_UNUSED_FUNCTION = YES;
				GCC_WARN_UNUSED_VARIABLE = YES;
				MACOSX_DEPLOYMENT_TARGET = 11.0;
				MTL_ENABLE_DEBUG_INFO = INCLUDE_SOURCE;
				MTL_FAST_MATH = YES;
				ONLY_ACTIVE_ARCH = YES;
				SDKROOT = macosx;
				SWIFT_ACTIVE_COMPILATION_CONDITIONS = DEBUG;
				SWIFT_OPTIMIZATION_LEVEL = "-Onone";
			};
			name = Debug;
		};
		7692E074251BFF9400C5FB9A /* Release */ = {
			isa = XCBuildConfiguration;
			buildSettings = {
				ALWAYS_SEARCH_USER_PATHS = NO;
				CLANG_ANALYZER_LOCALIZABILITY_NONLOCALIZED = YES;
				CLANG_ANALYZER_NONNULL = YES;
				CLANG_ANALYZER_NUMBER_OBJECT_CONVERSION = YES_AGGRESSIVE;
				CLANG_CXX_LANGUAGE_STANDARD = "gnu++14";
				CLANG_CXX_LIBRARY = "libc++";
				CLANG_ENABLE_MODULES = YES;
				CLANG_ENABLE_OBJC_ARC = YES;
				CLANG_ENABLE_OBJC_WEAK = YES;
				CLANG_WARN_BLOCK_CAPTURE_AUTORELEASING = YES;
				CLANG_WARN_BOOL_CONVERSION = YES;
				CLANG_WARN_COMMA = YES;
				CLANG_WARN_CONSTANT_CONVERSION = YES;
				CLANG_WARN_DEPRECATED_OBJC_IMPLEMENTATIONS = YES;
				CLANG_WARN_DIRECT_OBJC_ISA_USAGE = YES_ERROR;
				CLANG_WARN_DOCUMENTATION_COMMENTS = YES;
				CLANG_WARN_EMPTY_BODY = YES;
				CLANG_WARN_ENUM_CONVERSION = YES;
				CLANG_WARN_INFINITE_RECURSION = YES;
				CLANG_WARN_INT_CONVERSION = YES;
				CLANG_WARN_NON_LITERAL_NULL_CONVERSION = YES;
				CLANG_WARN_OBJC_IMPLICIT_RETAIN_SELF = YES;
				CLANG_WARN_OBJC_LITERAL_CONVERSION = YES;
				CLANG_WARN_OBJC_ROOT_CLASS = YES_ERROR;
				CLANG_WARN_QUOTED_INCLUDE_IN_FRAMEWORK_HEADER = YES;
				CLANG_WARN_RANGE_LOOP_ANALYSIS = YES;
				CLANG_WARN_STRICT_PROTOTYPES = YES;
				CLANG_WARN_SUSPICIOUS_MOVE = YES;
				CLANG_WARN_UNGUARDED_AVAILABILITY = YES_AGGRESSIVE;
				CLANG_WARN_UNREACHABLE_CODE = YES;
				CLANG_WARN__DUPLICATE_METHOD_MATCH = YES;
				COPY_PHASE_STRIP = NO;
				DEBUG_INFORMATION_FORMAT = "dwarf-with-dsym";
				ENABLE_NS_ASSERTIONS = NO;
				ENABLE_STRICT_OBJC_MSGSEND = YES;
				GCC_C_LANGUAGE_STANDARD = gnu11;
				GCC_NO_COMMON_BLOCKS = YES;
				GCC_WARN_64_TO_32_BIT_CONVERSION = YES;
				GCC_WARN_ABOUT_RETURN_TYPE = YES_ERROR;
				GCC_WARN_UNDECLARED_SELECTOR = YES;
				GCC_WARN_UNINITIALIZED_AUTOS = YES_AGGRESSIVE;
				GCC_WARN_UNUSED_FUNCTION = YES;
				GCC_WARN_UNUSED_VARIABLE = YES;
				MACOSX_DEPLOYMENT_TARGET = 11.0;
				MTL_ENABLE_DEBUG_INFO = NO;
				MTL_FAST_MATH = YES;
				SDKROOT = macosx;
				SWIFT_COMPILATION_MODE = wholemodule;
				SWIFT_OPTIMIZATION_LEVEL = "-O";
			};
			name = Release;
		};
		7692E076251BFF9400C5FB9A /* Debug */ = {
			isa = XCBuildConfiguration;
			buildSettings = {
				ASSETCATALOG_COMPILER_APPICON_NAME = AppIcon;
				ASSETCATALOG_COMPILER_GLOBAL_ACCENT_COLOR_NAME = AccentColor;
				CODE_SIGN_ENTITLEMENTS = "Patched Sur - For Catalina/Patched_Sur___For_Catalina.entitlements";
				CODE_SIGN_IDENTITY = "Apple Development";
				CODE_SIGN_STYLE = Automatic;
				COMBINE_HIDPI_IMAGES = YES;
				CURRENT_PROJECT_VERSION = 102;
				DEVELOPMENT_ASSET_PATHS = "\"Patched Sur - For Catalina/Preview Content\"";
				DEVELOPMENT_TEAM = 52RY4VB4F6;
				ENABLE_HARDENED_RUNTIME = YES;
				ENABLE_PREVIEWS = YES;
				INFOPLIST_FILE = "Patched Sur - For Catalina/Info.plist";
				LD_RUNPATH_SEARCH_PATHS = (
					"$(inherited)",
					"@executable_path/../Frameworks",
				);
				LIBRARY_SEARCH_PATHS = (
					"$(inherited)",
					"$(PROJECT_DIR)/Extra\\ Files",
				);
				MACOSX_DEPLOYMENT_TARGET = 10.15.2;
				MARKETING_VERSION = 0.3.0;
				PRODUCT_BUNDLE_IDENTIFIER = "u-bensova.Patched-Sur-Catalina";
				PRODUCT_NAME = "$(TARGET_NAME)";
				PROVISIONING_PROFILE_SPECIFIER = "";
				SWIFT_VERSION = 5.0;
			};
			name = Debug;
		};
		7692E077251BFF9400C5FB9A /* Release */ = {
			isa = XCBuildConfiguration;
			buildSettings = {
				ASSETCATALOG_COMPILER_APPICON_NAME = AppIcon;
				ASSETCATALOG_COMPILER_GLOBAL_ACCENT_COLOR_NAME = AccentColor;
				CODE_SIGN_ENTITLEMENTS = "Patched Sur - For Catalina/Patched_Sur___For_Catalina.entitlements";
				CODE_SIGN_IDENTITY = "Apple Development";
				CODE_SIGN_STYLE = Automatic;
				COMBINE_HIDPI_IMAGES = YES;
				CURRENT_PROJECT_VERSION = 102;
				DEVELOPMENT_ASSET_PATHS = "\"Patched Sur - For Catalina/Preview Content\"";
				DEVELOPMENT_TEAM = 52RY4VB4F6;
				ENABLE_HARDENED_RUNTIME = YES;
				ENABLE_PREVIEWS = YES;
				INFOPLIST_FILE = "Patched Sur - For Catalina/Info.plist";
				LD_RUNPATH_SEARCH_PATHS = (
					"$(inherited)",
					"@executable_path/../Frameworks",
				);
				LIBRARY_SEARCH_PATHS = (
					"$(inherited)",
					"$(PROJECT_DIR)/Extra\\ Files",
				);
				MACOSX_DEPLOYMENT_TARGET = 10.15.2;
				MARKETING_VERSION = 0.3.0;
				PRODUCT_BUNDLE_IDENTIFIER = "u-bensova.Patched-Sur-Catalina";
				PRODUCT_NAME = "$(TARGET_NAME)";
				PROVISIONING_PROFILE_SPECIFIER = "";
				SWIFT_VERSION = 5.0;
			};
			name = Release;
		};
		7692E08B251BFFB400C5FB9A /* Debug */ = {
			isa = XCBuildConfiguration;
			buildSettings = {
				ALWAYS_EMBED_SWIFT_STANDARD_LIBRARIES = YES;
				ASSETCATALOG_COMPILER_APPICON_NAME = AppIcon;
				ASSETCATALOG_COMPILER_GLOBAL_ACCENT_COLOR_NAME = AccentColor;
				CODE_SIGN_ENTITLEMENTS = "Patched Sur/Patched_Sur.entitlements";
				CODE_SIGN_IDENTITY = "Apple Development";
				CODE_SIGN_STYLE = Automatic;
				COMBINE_HIDPI_IMAGES = YES;
				CURRENT_PROJECT_VERSION = 102;
				DEVELOPMENT_ASSET_PATHS = "\"Patched Sur/Preview Content\"";
				DEVELOPMENT_TEAM = 52RY4VB4F6;
				DSTROOT = "/tmp/Post-Install.dst";
				ENABLE_HARDENED_RUNTIME = YES;
				ENABLE_PREVIEWS = YES;
				INFOPLIST_FILE = "Patched Sur/Info.plist";
				LD_RUNPATH_SEARCH_PATHS = (
					"$(inherited)",
					"@executable_path/../Frameworks",
				);
				LIBRARY_SEARCH_PATHS = (
					"$(inherited)",
					"$(PROJECT_DIR)/Extra\\ Files",
				);
				MACOSX_DEPLOYMENT_TARGET = 11.0;
				MARKETING_VERSION = 0.3.0;
				PRODUCT_BUNDLE_IDENTIFIER = "u-bensova.Patched-Sur";
				PRODUCT_NAME = "$(TARGET_NAME)";
				PROVISIONING_PROFILE_SPECIFIER = "";
				SWIFT_VERSION = 5.0;
			};
			name = Debug;
		};
		7692E08C251BFFB400C5FB9A /* Release */ = {
			isa = XCBuildConfiguration;
			buildSettings = {
				ALWAYS_EMBED_SWIFT_STANDARD_LIBRARIES = YES;
				ASSETCATALOG_COMPILER_APPICON_NAME = AppIcon;
				ASSETCATALOG_COMPILER_GLOBAL_ACCENT_COLOR_NAME = AccentColor;
				CODE_SIGN_ENTITLEMENTS = "Patched Sur/Patched_Sur.entitlements";
				CODE_SIGN_IDENTITY = "Apple Development";
				CODE_SIGN_STYLE = Automatic;
				COMBINE_HIDPI_IMAGES = YES;
				CURRENT_PROJECT_VERSION = 102;
				DEVELOPMENT_ASSET_PATHS = "\"Patched Sur/Preview Content\"";
				DEVELOPMENT_TEAM = 52RY4VB4F6;
				DSTROOT = "/tmp/Post-Install.dst";
				ENABLE_HARDENED_RUNTIME = YES;
				ENABLE_PREVIEWS = YES;
				INFOPLIST_FILE = "Patched Sur/Info.plist";
				LD_RUNPATH_SEARCH_PATHS = (
					"$(inherited)",
					"@executable_path/../Frameworks",
				);
				LIBRARY_SEARCH_PATHS = (
					"$(inherited)",
					"$(PROJECT_DIR)/Extra\\ Files",
				);
				MACOSX_DEPLOYMENT_TARGET = 11.0;
				MARKETING_VERSION = 0.3.0;
				PRODUCT_BUNDLE_IDENTIFIER = "u-bensova.Patched-Sur";
				PRODUCT_NAME = "$(TARGET_NAME)";
				PROVISIONING_PROFILE_SPECIFIER = "";
				SWIFT_VERSION = 5.0;
			};
			name = Release;
		};
/* End XCBuildConfiguration section */

/* Begin XCConfigurationList section */
		760280BE2627EB930054059A /* Build configuration list for PBXNativeTarget "PSRecovery" */ = {
			isa = XCConfigurationList;
			buildConfigurations = (
				760280BC2627EB930054059A /* Debug */,
				760280BD2627EB930054059A /* Release */,
			);
			defaultConfigurationIsVisible = 0;
			defaultConfigurationName = Release;
		};
		762CBCAF260C20E8008F0A86 /* Build configuration list for PBXNativeTarget "Patched Sur - Recovery" */ = {
			isa = XCConfigurationList;
			buildConfigurations = (
				762CBCB0260C20E8008F0A86 /* Debug */,
				762CBCB1260C20E8008F0A86 /* Release */,
			);
			defaultConfigurationIsVisible = 0;
			defaultConfigurationName = Release;
		};
		7692E05D251BFF9300C5FB9A /* Build configuration list for PBXProject "Patched Sur" */ = {
			isa = XCConfigurationList;
			buildConfigurations = (
				7692E073251BFF9400C5FB9A /* Debug */,
				7692E074251BFF9400C5FB9A /* Release */,
			);
			defaultConfigurationIsVisible = 0;
			defaultConfigurationName = Release;
		};
		7692E075251BFF9400C5FB9A /* Build configuration list for PBXNativeTarget "Patched Sur - For Catalina" */ = {
			isa = XCConfigurationList;
			buildConfigurations = (
				7692E076251BFF9400C5FB9A /* Debug */,
				7692E077251BFF9400C5FB9A /* Release */,
			);
			defaultConfigurationIsVisible = 0;
			defaultConfigurationName = Release;
		};
		7692E08A251BFFB400C5FB9A /* Build configuration list for PBXNativeTarget "Patched Sur" */ = {
			isa = XCConfigurationList;
			buildConfigurations = (
				7692E08B251BFFB400C5FB9A /* Debug */,
				7692E08C251BFFB400C5FB9A /* Release */,
			);
			defaultConfigurationIsVisible = 0;
			defaultConfigurationName = Release;
		};
/* End XCConfigurationList section */

/* Begin XCRemoteSwiftPackageReference section */
		7625796525423FD600508A71 /* XCRemoteSwiftPackageReference "Files" */ = {
			isa = XCRemoteSwiftPackageReference;
			repositoryURL = "https://github.com/JohnSundell/Files.git";
			requirement = {
				kind = upToNextMajorVersion;
				minimumVersion = 4.1.1;
			};
		};
		76D8437925F861DE006C6565 /* XCRemoteSwiftPackageReference "VeliaUI" */ = {
			isa = XCRemoteSwiftPackageReference;
			repositoryURL = "https://github.com/BenSova/VeliaUI";
			requirement = {
				branch = main;
				kind = branch;
			};
		};
/* End XCRemoteSwiftPackageReference section */

/* Begin XCSwiftPackageProductDependency section */
		7625796625423FD600508A71 /* Files */ = {
			isa = XCSwiftPackageProductDependency;
			package = 7625796525423FD600508A71 /* XCRemoteSwiftPackageReference "Files" */;
			productName = Files;
		};
		768D516425CA4FD90091D1F0 /* Files */ = {
			isa = XCSwiftPackageProductDependency;
			package = 7625796525423FD600508A71 /* XCRemoteSwiftPackageReference "Files" */;
			productName = Files;
		};
		76D8437A25F861DE006C6565 /* VeliaUI */ = {
			isa = XCSwiftPackageProductDependency;
			package = 76D8437925F861DE006C6565 /* XCRemoteSwiftPackageReference "VeliaUI" */;
			productName = VeliaUI;
		};
		76D8437C25F861E6006C6565 /* VeliaUI */ = {
			isa = XCSwiftPackageProductDependency;
			package = 76D8437925F861DE006C6565 /* XCRemoteSwiftPackageReference "VeliaUI" */;
			productName = VeliaUI;
		};
/* End XCSwiftPackageProductDependency section */
	};
	rootObject = 7692E05A251BFF9300C5FB9A /* Project object */;
}
