// !$*UTF8*$!
{
	archiveVersion = 1;
	classes = {
	};
	objectVersion = 50;
	objects = {

/* Begin PBXBuildFile section */
		7692E066251BFF9300C5FB9A /* AppDelegate.swift in Sources */ = {isa = PBXBuildFile; fileRef = 7692E065251BFF9300C5FB9A /* AppDelegate.swift */; };
		7692E068251BFF9300C5FB9A /* ContentView.swift in Sources */ = {isa = PBXBuildFile; fileRef = 7692E067251BFF9300C5FB9A /* ContentView.swift */; };
		7692E06A251BFF9400C5FB9A /* Assets.xcassets in Resources */ = {isa = PBXBuildFile; fileRef = 7692E069251BFF9400C5FB9A /* Assets.xcassets */; };
		7692E06D251BFF9400C5FB9A /* Preview Assets.xcassets in Resources */ = {isa = PBXBuildFile; fileRef = 7692E06C251BFF9400C5FB9A /* Preview Assets.xcassets */; };
		7692E070251BFF9400C5FB9A /* Main.storyboard in Resources */ = {isa = PBXBuildFile; fileRef = 7692E06E251BFF9400C5FB9A /* Main.storyboard */; };
/* End PBXBuildFile section */

/* Begin PBXFileReference section */
		7692E062251BFF9300C5FB9A /* Patched Sur - For Catalina.app */ = {isa = PBXFileReference; explicitFileType = wrapper.application; includeInIndex = 0; path = "Patched Sur - For Catalina.app"; sourceTree = BUILT_PRODUCTS_DIR; };
		7692E065251BFF9300C5FB9A /* AppDelegate.swift */ = {isa = PBXFileReference; lastKnownFileType = sourcecode.swift; path = AppDelegate.swift; sourceTree = "<group>"; };
		7692E067251BFF9300C5FB9A /* ContentView.swift */ = {isa = PBXFileReference; lastKnownFileType = sourcecode.swift; path = ContentView.swift; sourceTree = "<group>"; };
		7692E069251BFF9400C5FB9A /* Assets.xcassets */ = {isa = PBXFileReference; lastKnownFileType = folder.assetcatalog; path = Assets.xcassets; sourceTree = "<group>"; };
		7692E06C251BFF9400C5FB9A /* Preview Assets.xcassets */ = {isa = PBXFileReference; lastKnownFileType = folder.assetcatalog; path = "Preview Assets.xcassets"; sourceTree = "<group>"; };
		7692E06F251BFF9400C5FB9A /* Base */ = {isa = PBXFileReference; lastKnownFileType = file.storyboard; name = Base; path = Base.lproj/Main.storyboard; sourceTree = "<group>"; };
		7692E071251BFF9400C5FB9A /* Info.plist */ = {isa = PBXFileReference; lastKnownFileType = text.plist.xml; path = Info.plist; sourceTree = "<group>"; };
		7692E072251BFF9400C5FB9A /* Patched_Sur___For_Catalina.entitlements */ = {isa = PBXFileReference; lastKnownFileType = text.plist.entitlements; path = "Patched_Sur___For_Catalina.entitlements"; sourceTree = "<group>"; };
/* End PBXFileReference section */

/* Begin PBXFrameworksBuildPhase section */
		7692E05F251BFF9300C5FB9A /* Frameworks */ = {
			isa = PBXFrameworksBuildPhase;
			buildActionMask = 2147483647;
			files = (
			);
			runOnlyForDeploymentPostprocessing = 0;
		};
/* End PBXFrameworksBuildPhase section */

/* Begin PBXGroup section */
		7692E059251BFF9300C5FB9A = {
			isa = PBXGroup;
			children = (
				7692E064251BFF9300C5FB9A /* Patched Sur - For Catalina */,
				7692E063251BFF9300C5FB9A /* Products */,
			);
			sourceTree = "<group>";
		};
		7692E063251BFF9300C5FB9A /* Products */ = {
			isa = PBXGroup;
			children = (
				7692E062251BFF9300C5FB9A /* Patched Sur - For Catalina.app */,
			);
			name = Products;
			sourceTree = "<group>";
		};
		7692E064251BFF9300C5FB9A /* Patched Sur - For Catalina */ = {
			isa = PBXGroup;
			children = (
				7692E065251BFF9300C5FB9A /* AppDelegate.swift */,
				7692E067251BFF9300C5FB9A /* ContentView.swift */,
				7692E069251BFF9400C5FB9A /* Assets.xcassets */,
				7692E06E251BFF9400C5FB9A /* Main.storyboard */,
				7692E071251BFF9400C5FB9A /* Info.plist */,
				7692E072251BFF9400C5FB9A /* Patched_Sur___For_Catalina.entitlements */,
				7692E06B251BFF9400C5FB9A /* Preview Content */,
			);
			path = "Patched Sur - For Catalina";
			sourceTree = "<group>";
		};
		7692E06B251BFF9400C5FB9A /* Preview Content */ = {
			isa = PBXGroup;
			children = (
				7692E06C251BFF9400C5FB9A /* Preview Assets.xcassets */,
			);
			path = "Preview Content";
			sourceTree = "<group>";
		};
/* End PBXGroup section */

/* Begin PBXNativeTarget section */
		7692E061251BFF9300C5FB9A /* Patched Sur - For Catalina */ = {
			isa = PBXNativeTarget;
			buildConfigurationList = 7692E075251BFF9400C5FB9A /* Build configuration list for PBXNativeTarget "Patched Sur - For Catalina" */;
			buildPhases = (
				7692E05E251BFF9300C5FB9A /* Sources */,
				7692E05F251BFF9300C5FB9A /* Frameworks */,
				7692E060251BFF9300C5FB9A /* Resources */,
			);
			buildRules = (
			);
			dependencies = (
			);
			name = "Patched Sur - For Catalina";
			productName = "Patched Sur - For Catalina";
			productReference = 7692E062251BFF9300C5FB9A /* Patched Sur - For Catalina.app */;
			productType = "com.apple.product-type.application";
		};
/* End PBXNativeTarget section */

/* Begin PBXProject section */
		7692E05A251BFF9300C5FB9A /* Project object */ = {
			isa = PBXProject;
			attributes = {
				LastSwiftUpdateCheck = 1220;
				LastUpgradeCheck = 1220;
				TargetAttributes = {
					7692E061251BFF9300C5FB9A = {
						CreatedOnToolsVersion = 12.2;
					};
				};
			};
			buildConfigurationList = 7692E05D251BFF9300C5FB9A /* Build configuration list for PBXProject "Patched Sur - For Catalina" */;
			compatibilityVersion = "Xcode 9.3";
			developmentRegion = en;
			hasScannedForEncodings = 0;
			knownRegions = (
				en,
				Base,
			);
			mainGroup = 7692E059251BFF9300C5FB9A;
			productRefGroup = 7692E063251BFF9300C5FB9A /* Products */;
			projectDirPath = "";
			projectRoot = "";
			targets = (
				7692E061251BFF9300C5FB9A /* Patched Sur - For Catalina */,
			);
		};
/* End PBXProject section */

/* Begin PBXResourcesBuildPhase section */
		7692E060251BFF9300C5FB9A /* Resources */ = {
			isa = PBXResourcesBuildPhase;
			buildActionMask = 2147483647;
			files = (
				7692E070251BFF9400C5FB9A /* Main.storyboard in Resources */,
				7692E06D251BFF9400C5FB9A /* Preview Assets.xcassets in Resources */,
				7692E06A251BFF9400C5FB9A /* Assets.xcassets in Resources */,
			);
			runOnlyForDeploymentPostprocessing = 0;
		};
/* End PBXResourcesBuildPhase section */

/* Begin PBXSourcesBuildPhase section */
		7692E05E251BFF9300C5FB9A /* Sources */ = {
			isa = PBXSourcesBuildPhase;
			buildActionMask = 2147483647;
			files = (
				7692E068251BFF9300C5FB9A /* ContentView.swift in Sources */,
				7692E066251BFF9300C5FB9A /* AppDelegate.swift in Sources */,
			);
			runOnlyForDeploymentPostprocessing = 0;
		};
/* End PBXSourcesBuildPhase section */

/* Begin PBXVariantGroup section */
		7692E06E251BFF9400C5FB9A /* Main.storyboard */ = {
			isa = PBXVariantGroup;
			children = (
				7692E06F251BFF9400C5FB9A /* Base */,
			);
			name = Main.storyboard;
			sourceTree = "<group>";
		};
/* End PBXVariantGroup section */

/* Begin XCBuildConfiguration section */
		7692E073251BFF9400C5FB9A /* Debug */ = {
			isa = XCBuildConfiguration;
			buildSettings = {
				ALWAYS_SEARCH_USER_PATHS = NO;
				CLANG_ANALYZER_NONNULL = YES;
				CLANG_ANALYZER_NUMBER_OBJECT_CONVERSION = YES_AGGRESSIVE;
				CLANG_CXX_LANGUAGE_STANDARD = "gnu++14";
				CLANG_CXX_LIBRARY = "libc++";
				CLANG_ENABLE_MODULES = YES;
				CLANG_ENABLE_OBJC_ARC = YES;
				CLANG_ENABLE_OBJC_WEAK = YES;
				CLANG_WARN_BLOCK_CAPTURE_AUTORELEASING = YES;
				CLANG_WARN_BOOL_CONVERSION = YES;
				CLANG_WARN_COMMA = YES;
				CLANG_WARN_CONSTANT_CONVERSION = YES;
				CLANG_WARN_DEPRECATED_OBJC_IMPLEMENTATIONS = YES;
				CLANG_WARN_DIRECT_OBJC_ISA_USAGE = YES_ERROR;
				CLANG_WARN_DOCUMENTATION_COMMENTS = YES;
				CLANG_WARN_EMPTY_BODY = YES;
				CLANG_WARN_ENUM_CONVERSION = YES;
				CLANG_WARN_INFINITE_RECURSION = YES;
				CLANG_WARN_INT_CONVERSION = YES;
				CLANG_WARN_NON_LITERAL_NULL_CONVERSION = YES;
				CLANG_WARN_OBJC_IMPLICIT_RETAIN_SELF = YES;
				CLANG_WARN_OBJC_LITERAL_CONVERSION = YES;
				CLANG_WARN_OBJC_ROOT_CLASS = YES_ERROR;
				CLANG_WARN_QUOTED_INCLUDE_IN_FRAMEWORK_HEADER = YES;
				CLANG_WARN_RANGE_LOOP_ANALYSIS = YES;
				CLANG_WARN_STRICT_PROTOTYPES = YES;
				CLANG_WARN_SUSPICIOUS_MOVE = YES;
				CLANG_WARN_UNGUARDED_AVAILABILITY = YES_AGGRESSIVE;
				CLANG_WARN_UNREACHABLE_CODE = YES;
				CLANG_WARN__DUPLICATE_METHOD_MATCH = YES;
				COPY_PHASE_STRIP = NO;
				DEBUG_INFORMATION_FORMAT = dwarf;
				ENABLE_STRICT_OBJC_MSGSEND = YES;
				ENABLE_TESTABILITY = YES;
				GCC_C_LANGUAGE_STANDARD = gnu11;
				GCC_DYNAMIC_NO_PIC = NO;
				GCC_NO_COMMON_BLOCKS = YES;
				GCC_OPTIMIZATION_LEVEL = 0;
				GCC_PREPROCESSOR_DEFINITIONS = (
					"DEBUG=1",
					"$(inherited)",
				);
				GCC_WARN_64_TO_32_BIT_CONVERSION = YES;
				GCC_WARN_ABOUT_RETURN_TYPE = YES_ERROR;
				GCC_WARN_UNDECLARED_SELECTOR = YES;
				GCC_WARN_UNINITIALIZED_AUTOS = YES_AGGRESSIVE;
				GCC_WARN_UNUSED_FUNCTION = YES;
				GCC_WARN_UNUSED_VARIABLE = YES;
				MACOSX_DEPLOYMENT_TARGET = 11.0;
				MTL_ENABLE_DEBUG_INFO = INCLUDE_SOURCE;
				MTL_FAST_MATH = YES;
				ONLY_ACTIVE_ARCH = YES;
				SDKROOT = macosx;
				SWIFT_ACTIVE_COMPILATION_CONDITIONS = DEBUG;
				SWIFT_OPTIMIZATION_LEVEL = "-Onone";
			};
			name = Debug;
		};
		7692E074251BFF9400C5FB9A /* Release */ = {
			isa = XCBuildConfiguration;
			buildSettings = {
				ALWAYS_SEARCH_USER_PATHS = NO;
				CLANG_ANALYZER_NONNULL = YES;
				CLANG_ANALYZER_NUMBER_OBJECT_CONVERSION = YES_AGGRESSIVE;
				CLANG_CXX_LANGUAGE_STANDARD = "gnu++14";
				CLANG_CXX_LIBRARY = "libc++";
				CLANG_ENABLE_MODULES = YES;
				CLANG_ENABLE_OBJC_ARC = YES;
				CLANG_ENABLE_OBJC_WEAK = YES;
				CLANG_WARN_BLOCK_CAPTURE_AUTORELEASING = YES;
				CLANG_WARN_BOOL_CONVERSION = YES;
				CLANG_WARN_COMMA = YES;
				CLANG_WARN_CONSTANT_CONVERSION = YES;
				CLANG_WARN_DEPRECATED_OBJC_IMPLEMENTATIONS = YES;
				CLANG_WARN_DIRECT_OBJC_ISA_USAGE = YES_ERROR;
				CLANG_WARN_DOCUMENTATION_COMMENTS = YES;
				CLANG_WARN_EMPTY_BODY = YES;
				CLANG_WARN_ENUM_CONVERSION = YES;
				CLANG_WARN_INFINITE_RECURSION = YES;
				CLANG_WARN_INT_CONVERSION = YES;
				CLANG_WARN_NON_LITERAL_NULL_CONVERSION = YES;
				CLANG_WARN_OBJC_IMPLICIT_RETAIN_SELF = YES;
				CLANG_WARN_OBJC_LITERAL_CONVERSION = YES;
				CLANG_WARN_OBJC_ROOT_CLASS = YES_ERROR;
				CLANG_WARN_QUOTED_INCLUDE_IN_FRAMEWORK_HEADER = YES;
				CLANG_WARN_RANGE_LOOP_ANALYSIS = YES;
				CLANG_WARN_STRICT_PROTOTYPES = YES;
				CLANG_WARN_SUSPICIOUS_MOVE = YES;
				CLANG_WARN_UNGUARDED_AVAILABILITY = YES_AGGRESSIVE;
				CLANG_WARN_UNREACHABLE_CODE = YES;
				CLANG_WARN__DUPLICATE_METHOD_MATCH = YES;
				COPY_PHASE_STRIP = NO;
				DEBUG_INFORMATION_FORMAT = "dwarf-with-dsym";
				ENABLE_NS_ASSERTIONS = NO;
				ENABLE_STRICT_OBJC_MSGSEND = YES;
				GCC_C_LANGUAGE_STANDARD = gnu11;
				GCC_NO_COMMON_BLOCKS = YES;
				GCC_WARN_64_TO_32_BIT_CONVERSION = YES;
				GCC_WARN_ABOUT_RETURN_TYPE = YES_ERROR;
				GCC_WARN_UNDECLARED_SELECTOR = YES;
				GCC_WARN_UNINITIALIZED_AUTOS = YES_AGGRESSIVE;
				GCC_WARN_UNUSED_FUNCTION = YES;
				GCC_WARN_UNUSED_VARIABLE = YES;
				MACOSX_DEPLOYMENT_TARGET = 11.0;
				MTL_ENABLE_DEBUG_INFO = NO;
				MTL_FAST_MATH = YES;
				SDKROOT = macosx;
				SWIFT_COMPILATION_MODE = wholemodule;
				SWIFT_OPTIMIZATION_LEVEL = "-O";
			};
			name = Release;
		};
		7692E076251BFF9400C5FB9A /* Debug */ = {
			isa = XCBuildConfiguration;
			buildSettings = {
				ASSETCATALOG_COMPILER_APPICON_NAME = AppIcon;
				ASSETCATALOG_COMPILER_GLOBAL_ACCENT_COLOR_NAME = AccentColor;
				CODE_SIGN_ENTITLEMENTS = "Patched Sur - For Catalina/Patched_Sur___For_Catalina.entitlements";
				CODE_SIGN_STYLE = Automatic;
				COMBINE_HIDPI_IMAGES = YES;
				DEVELOPMENT_ASSET_PATHS = "\"Patched Sur - For Catalina/Preview Content\"";
				DEVELOPMENT_TEAM = Z3S9P7U36J;
				ENABLE_HARDENED_RUNTIME = YES;
				ENABLE_PREVIEWS = YES;
				INFOPLIST_FILE = "Patched Sur - For Catalina/Info.plist";
				LD_RUNPATH_SEARCH_PATHS = (
					"$(inherited)",
					"@executable_path/../Frameworks",
				);
				MACOSX_DEPLOYMENT_TARGET = 10.15;
				PRODUCT_BUNDLE_IDENTIFIER = "u-bensova.Patched-Sur---For-Catalina";
				PRODUCT_NAME = "$(TARGET_NAME)";
				SWIFT_VERSION = 5.0;
			};
			name = Debug;
		};
		7692E077251BFF9400C5FB9A /* Release */ = {
			isa = XCBuildConfiguration;
			buildSettings = {
				ASSETCATALOG_COMPILER_APPICON_NAME = AppIcon;
				ASSETCATALOG_COMPILER_GLOBAL_ACCENT_COLOR_NAME = AccentColor;
				CODE_SIGN_ENTITLEMENTS = "Patched Sur - For Catalina/Patched_Sur___For_Catalina.entitlements";
				CODE_SIGN_STYLE = Automatic;
				COMBINE_HIDPI_IMAGES = YES;
				DEVELOPMENT_ASSET_PATHS = "\"Patched Sur - For Catalina/Preview Content\"";
				DEVELOPMENT_TEAM = Z3S9P7U36J;
				ENABLE_HARDENED_RUNTIME = YES;
				ENABLE_PREVIEWS = YES;
				INFOPLIST_FILE = "Patched Sur - For Catalina/Info.plist";
				LD_RUNPATH_SEARCH_PATHS = (
					"$(inherited)",
					"@executable_path/../Frameworks",
				);
				MACOSX_DEPLOYMENT_TARGET = 10.15;
				PRODUCT_BUNDLE_IDENTIFIER = "u-bensova.Patched-Sur---For-Catalina";
				PRODUCT_NAME = "$(TARGET_NAME)";
				SWIFT_VERSION = 5.0;
			};
			name = Release;
		};
/* End XCBuildConfiguration section */

/* Begin XCConfigurationList section */
		7692E05D251BFF9300C5FB9A /* Build configuration list for PBXProject "Patched Sur - For Catalina" */ = {
			isa = XCConfigurationList;
			buildConfigurations = (
				7692E073251BFF9400C5FB9A /* Debug */,
				7692E074251BFF9400C5FB9A /* Release */,
			);
			defaultConfigurationIsVisible = 0;
			defaultConfigurationName = Release;
		};
		7692E075251BFF9400C5FB9A /* Build configuration list for PBXNativeTarget "Patched Sur - For Catalina" */ = {
			isa = XCConfigurationList;
			buildConfigurations = (
				7692E076251BFF9400C5FB9A /* Debug */,
				7692E077251BFF9400C5FB9A /* Release */,
			);
			defaultConfigurationIsVisible = 0;
			defaultConfigurationName = Release;
		};
/* End XCConfigurationList section */
	};
	rootObject = 7692E05A251BFF9300C5FB9A /* Project object */;
}
