<?xml version="1.0" encoding="UTF-8"?>
<Scheme
   LastUpgradeVersion = "1230"
   version = "1.7">
   <BuildAction
      parallelizeBuildables = "YES"
      buildImplicitDependencies = "YES">
      <BuildActionEntries>
         <BuildActionEntry
            buildForTesting = "NO"
            buildForRunning = "NO"
            buildForProfiling = "NO"
            buildForArchiving = "YES"
            buildForAnalyzing = "NO">
            <BuildableReference
               BuildableIdentifier = "primary"
               BlueprintIdentifier = "7692E07C251BFFB200C5FB9A"
               BuildableName = "Patched Sur.app"
               BlueprintName = "Patched Sur"
               ReferencedContainer = "container:Patched Sur.xcodeproj">
            </BuildableReference>
         </BuildActionEntry>
         <BuildActionEntry
            buildForTesting = "NO"
            buildForRunning = "NO"
            buildForProfiling = "NO"
            buildForArchiving = "YES"
            buildForAnalyzing = "NO">
            <BuildableReference
               BuildableIdentifier = "primary"
               BlueprintIdentifier = "7692E061251BFF9300C5FB9A"
               BuildableName = "Patched Sur - For Catalina.app"
               BlueprintName = "Patched Sur - For Catalina"
               ReferencedContainer = "container:Patched Sur.xcodeproj">
            </BuildableReference>
         </BuildActionEntry>
      </BuildActionEntries>
   </BuildAction>
   <TestAction
      buildConfiguration = "Debug"
      selectedDebuggerIdentifier = "Xcode.DebuggerFoundation.Debugger.LLDB"
      selectedLauncherIdentifier = "Xcode.DebuggerFoundation.Launcher.LLDB"
      shouldUseLaunchSchemeArgsEnv = "YES">
      <Testables>
      </Testables>
   </TestAction>
   <LaunchAction
      buildConfiguration = "Release"
      selectedDebuggerIdentifier = "Xcode.DebuggerFoundation.Debugger.LLDB"
      selectedLauncherIdentifier = "Xcode.DebuggerFoundation.Launcher.LLDB"
      launchStyle = "0"
      useCustomWorkingDirectory = "NO"
      ignoresPersistentStateOnLaunch = "NO"
      debugDocumentVersioning = "YES"
      debugServiceExtension = "internal"
      allowLocationSimulation = "YES">
      <MacroExpansion>
         <BuildableReference
            BuildableIdentifier = "primary"
            BlueprintIdentifier = "7692E07C251BFFB200C5FB9A"
            BuildableName = "Patched Sur.app"
            BlueprintName = "Patched Sur"
            ReferencedContainer = "container:Patched Sur.xcodeproj">
         </BuildableReference>
      </MacroExpansion>
   </LaunchAction>
   <ProfileAction
      buildConfiguration = "Release"
      shouldUseLaunchSchemeArgsEnv = "YES"
      savedToolIdentifier = ""
      useCustomWorkingDirectory = "NO"
      debugDocumentVersioning = "YES">
   </ProfileAction>
   <AnalyzeAction
      buildConfiguration = "Debug">
   </AnalyzeAction>
   <ArchiveAction
      buildConfiguration = "Release"
      customArchiveName = "Patched Sur All"
      revealArchiveInOrganizer = "YES">
      <PostActions>
         <ExecutionAction
            ActionType = "Xcode.IDEStandardExecutionActionsCore.ExecutionActionType.ShellScriptAction">
            <ActionContent
               title = "Run Script"
               scriptText = "exec &gt; &quot;/tmp/Xcode run script.log&quot; 2&gt;&amp;1&#10;&#10;/usr/bin/osascript -e &apos;display notification &quot;Creating ZIP for Post Install app. (Post-Install-Extra.zip)&quot; with title &quot;Generating Releases Part 1&quot;&apos;&#10;&#10;zip -r &quot;$ARCHIVE_PATH/Products/Applications/Post-Install-Extra.zip&quot; &quot;$ARCHIVE_PATH/Products/Applications/Patched Sur.app&quot;&#10;&#10;/usr/bin/osascript -e &apos;display notification &quot;Creating DMG for Pre Install app. (Patched-Sur.dmg)&quot; with title &quot;Generating Releases Part 2&quot;&apos;&#10;&#10;umount /Volumes/Patched-Sur&#10;&#10;cp -rf &quot;/Users/bensova/Library/Personal/PatchedSur/Patched-Sur-Temp.dmg&quot; &quot;$ARCHIVE_PATH/Products/Applications/Patched-Sur-Temp.dmg&quot;&#10;&#10;hdiutil attach &quot;$ARCHIVE_PATH/Products/Applications/Patched-Sur-Temp.dmg&quot;&#10;&#10;cp -rf &quot;$ARCHIVE_PATH/Products/Applications/Patched Sur - For Catalina.app&quot; &quot;/Volumes/Patched-Sur/Patched Sur.app&quot;&#10;&#10;cp -rf &quot;$ARCHIVE_PATH/Products/Applications/Patched Sur.app&quot; &quot;/Volumes/Patched-Sur/.fullApp.app&quot;&#10;&#10;cp -rf &quot;/Users/bensova/Developer/Patched Sur/Extra Files/patch-usb.sh&quot; &quot;/Volumes/Patched-Sur/.patch-usb.sh&quot;&#10;&#10;cp -rf &quot;/Users/bensova/Developer/Patched Sur/Extra Files/EFIIcon.icns&quot; &quot;/Volumes/Patched-Sur/.EFIIcon.icns&quot;&#10;&#10;cp -rf &quot;/Users/bensova/Developer/Patched Sur/Extra Files/InstallIcon.icns&quot; &quot;/Volumes/Patched-Sur/.InstallIcon.icns&quot;&#10;&#10;sync&#10;&#10;umount /Volumes/Patched-Sur&#10;&#10;# sleep 3&#10;&#10;# hdiutil convert -format UDZO -o &quot;$ARCHIVE_PATH/Products/Applications/Patched-Sur.dmg&quot; &quot;$ARCHIVE_PATH/Products/Applications/Patched-Sur-Temp.dmg&quot;&#10;&#10;# rm -rf &quot;$ARCHIVE_PATH/Products/Applications/Patched-Sur-Temp.dmg&quot;&#10;&#10;/usr/bin/osascript -e &apos;display notification &quot;Everything was created!&quot; with title &quot;Generating Releases Done!&quot;&apos;&#10;"
               shellToInvoke = "/bin/zsh">
               <EnvironmentBuildable>
                  <BuildableReference
                     BuildableIdentifier = "primary"
                     BlueprintIdentifier = "7692E07C251BFFB200C5FB9A"
                     BuildableName = "Patched Sur.app"
                     BlueprintName = "Patched Sur"
                     ReferencedContainer = "container:Patched Sur.xcodeproj">
                  </BuildableReference>
               </EnvironmentBuildable>
            </ActionContent>
         </ExecutionAction>
      </PostActions>
   </ArchiveAction>
</Scheme>
